// !$*UTF8*$!
{
	archiveVersion = 1;
	classes = {
	};
	objectVersion = 56;
	objects = {

/* Begin PBXBuildFile section */
		C232D0652AD35FD600DB458F /* LocationPicker in Frameworks */ = {isa = PBXBuildFile; productRef = C232D0642AD35FD600DB458F /* LocationPicker */; };
		C232D0672AD36FCE00DB458F /* CircleText.swift in Sources */ = {isa = PBXBuildFile; fileRef = C232D0662AD36FCE00DB458F /* CircleText.swift */; };
		C232D0692AD3B62600DB458F /* RandomGradientView.swift in Sources */ = {isa = PBXBuildFile; fileRef = C232D0682AD3B62600DB458F /* RandomGradientView.swift */; };
		C232D06C2AD3C21800DB458F /* ImagePickerCoordinator.swift in Sources */ = {isa = PBXBuildFile; fileRef = C232D06B2AD3C21800DB458F /* ImagePickerCoordinator.swift */; };
		C232D06E2AD3C29F00DB458F /* ImageSourceType.swift in Sources */ = {isa = PBXBuildFile; fileRef = C232D06D2AD3C29F00DB458F /* ImageSourceType.swift */; };
		C232D0902AD4EF7600DB458F /* hw5n-29.PNG in Resources */ = {isa = PBXBuildFile; fileRef = C232D06F2AD4EF7500DB458F /* hw5n-29.PNG */; };
		C232D0912AD4EF7600DB458F /* hw5n-1.PNG in Resources */ = {isa = PBXBuildFile; fileRef = C232D0702AD4EF7500DB458F /* hw5n-1.PNG */; };
		C232D0922AD4EF7600DB458F /* hw5n-26.PNG in Resources */ = {isa = PBXBuildFile; fileRef = C232D0712AD4EF7500DB458F /* hw5n-26.PNG */; };
		C232D0932AD4EF7600DB458F /* hw5n-19.PNG in Resources */ = {isa = PBXBuildFile; fileRef = C232D0722AD4EF7500DB458F /* hw5n-19.PNG */; };
		C232D0942AD4EF7600DB458F /* hw5n-20.PNG in Resources */ = {isa = PBXBuildFile; fileRef = C232D0732AD4EF7500DB458F /* hw5n-20.PNG */; };
		C232D0952AD4EF7600DB458F /* hw5n-24.PNG in Resources */ = {isa = PBXBuildFile; fileRef = C232D0742AD4EF7500DB458F /* hw5n-24.PNG */; };
		C232D0962AD4EF7600DB458F /* hw5n-15.PNG in Resources */ = {isa = PBXBuildFile; fileRef = C232D0752AD4EF7500DB458F /* hw5n-15.PNG */; };
		C232D0972AD4EF7600DB458F /* hw5n-2.PNG in Resources */ = {isa = PBXBuildFile; fileRef = C232D0762AD4EF7500DB458F /* hw5n-2.PNG */; };
		C232D0982AD4EF7600DB458F /* hw5n-31.PNG in Resources */ = {isa = PBXBuildFile; fileRef = C232D0772AD4EF7500DB458F /* hw5n-31.PNG */; };
		C232D0992AD4EF7600DB458F /* hw5n-13.PNG in Resources */ = {isa = PBXBuildFile; fileRef = C232D0782AD4EF7500DB458F /* hw5n-13.PNG */; };
		C232D09A2AD4EF7600DB458F /* hw5n-4.PNG in Resources */ = {isa = PBXBuildFile; fileRef = C232D0792AD4EF7500DB458F /* hw5n-4.PNG */; };
		C232D09B2AD4EF7600DB458F /* hw5n-6.PNG in Resources */ = {isa = PBXBuildFile; fileRef = C232D07A2AD4EF7500DB458F /* hw5n-6.PNG */; };
		C232D09C2AD4EF7600DB458F /* hw5n-8.PNG in Resources */ = {isa = PBXBuildFile; fileRef = C232D07B2AD4EF7500DB458F /* hw5n-8.PNG */; };
		C232D09D2AD4EF7600DB458F /* hw5n-16.PNG in Resources */ = {isa = PBXBuildFile; fileRef = C232D07C2AD4EF7500DB458F /* hw5n-16.PNG */; };
		C232D09E2AD4EF7600DB458F /* hw5n-30.PNG in Resources */ = {isa = PBXBuildFile; fileRef = C232D07D2AD4EF7500DB458F /* hw5n-30.PNG */; };
		C232D09F2AD4EF7600DB458F /* hw5n-32.PNG in Resources */ = {isa = PBXBuildFile; fileRef = C232D07E2AD4EF7500DB458F /* hw5n-32.PNG */; };
		C232D0A02AD4EF7600DB458F /* hw5n-17.PNG in Resources */ = {isa = PBXBuildFile; fileRef = C232D07F2AD4EF7500DB458F /* hw5n-17.PNG */; };
		C232D0A12AD4EF7600DB458F /* hw5n-9.PNG in Resources */ = {isa = PBXBuildFile; fileRef = C232D0802AD4EF7500DB458F /* hw5n-9.PNG */; };
		C232D0A22AD4EF7600DB458F /* hw5n-27.PNG in Resources */ = {isa = PBXBuildFile; fileRef = C232D0812AD4EF7500DB458F /* hw5n-27.PNG */; };
		C232D0A32AD4EF7600DB458F /* hw5n-12.PNG in Resources */ = {isa = PBXBuildFile; fileRef = C232D0822AD4EF7500DB458F /* hw5n-12.PNG */; };
		C232D0A42AD4EF7600DB458F /* hw5n-21.PNG in Resources */ = {isa = PBXBuildFile; fileRef = C232D0832AD4EF7500DB458F /* hw5n-21.PNG */; };
		C232D0A52AD4EF7600DB458F /* hw5n-22.PNG in Resources */ = {isa = PBXBuildFile; fileRef = C232D0842AD4EF7600DB458F /* hw5n-22.PNG */; };
		C232D0A62AD4EF7600DB458F /* hw5n-11.PNG in Resources */ = {isa = PBXBuildFile; fileRef = C232D0852AD4EF7600DB458F /* hw5n-11.PNG */; };
		C232D0A72AD4EF7600DB458F /* hw5n-25.PNG in Resources */ = {isa = PBXBuildFile; fileRef = C232D0862AD4EF7600DB458F /* hw5n-25.PNG */; };
		C232D0A82AD4EF7600DB458F /* hw5n-28.PNG in Resources */ = {isa = PBXBuildFile; fileRef = C232D0872AD4EF7600DB458F /* hw5n-28.PNG */; };
		C232D0A92AD4EF7600DB458F /* hw5n-33.PNG in Resources */ = {isa = PBXBuildFile; fileRef = C232D0882AD4EF7600DB458F /* hw5n-33.PNG */; };
		C232D0AA2AD4EF7600DB458F /* hw5n-14.PNG in Resources */ = {isa = PBXBuildFile; fileRef = C232D0892AD4EF7600DB458F /* hw5n-14.PNG */; };
		C232D0AB2AD4EF7600DB458F /* hw5n-10.PNG in Resources */ = {isa = PBXBuildFile; fileRef = C232D08A2AD4EF7600DB458F /* hw5n-10.PNG */; };
		C232D0AC2AD4EF7600DB458F /* hw5n-5.PNG in Resources */ = {isa = PBXBuildFile; fileRef = C232D08B2AD4EF7600DB458F /* hw5n-5.PNG */; };
		C232D0AD2AD4EF7600DB458F /* hw5n-18.PNG in Resources */ = {isa = PBXBuildFile; fileRef = C232D08C2AD4EF7600DB458F /* hw5n-18.PNG */; };
		C232D0AE2AD4EF7600DB458F /* hw5n-7.PNG in Resources */ = {isa = PBXBuildFile; fileRef = C232D08D2AD4EF7600DB458F /* hw5n-7.PNG */; };
		C232D0AF2AD4EF7600DB458F /* hw5n-3.PNG in Resources */ = {isa = PBXBuildFile; fileRef = C232D08E2AD4EF7600DB458F /* hw5n-3.PNG */; };
		C232D0B02AD4EF7600DB458F /* hw5n-23.PNG in Resources */ = {isa = PBXBuildFile; fileRef = C232D08F2AD4EF7600DB458F /* hw5n-23.PNG */; };
		C24DB47B2AD1F89A00C0A22D /* AddEditView.swift in Sources */ = {isa = PBXBuildFile; fileRef = C24DB47A2AD1F89A00C0A22D /* AddEditView.swift */; };
		C26FA6412AC91AE0001FAE5A /* Search.swift in Sources */ = {isa = PBXBuildFile; fileRef = C26FA6402AC91AE0001FAE5A /* Search.swift */; };
		C26FA6432AC92A6C001FAE5A /* ShadowedDivider.swift in Sources */ = {isa = PBXBuildFile; fileRef = C26FA6422AC92A6C001FAE5A /* ShadowedDivider.swift */; };
		C26FA6452AC9ECDE001FAE5A /* NoResult.swift in Sources */ = {isa = PBXBuildFile; fileRef = C26FA6442AC9ECDE001FAE5A /* NoResult.swift */; };
		C26FA6482ACA0136001FAE5A /* BackgroundRemoval in Frameworks */ = {isa = PBXBuildFile; productRef = C26FA6472ACA0136001FAE5A /* BackgroundRemoval */; };
		C26FA64D2ACA20B8001FAE5A /* BarView.swift in Sources */ = {isa = PBXBuildFile; fileRef = C26FA64C2ACA20B8001FAE5A /* BarView.swift */; };
		C26FA6502ACA2110001FAE5A /* DukeStatsView.swift in Sources */ = {isa = PBXBuildFile; fileRef = C26FA64F2ACA2110001FAE5A /* DukeStatsView.swift */; };
		C26FA6522ACA21CC001FAE5A /* DukeStatsViewModel.swift in Sources */ = {isa = PBXBuildFile; fileRef = C26FA6512ACA21CC001FAE5A /* DukeStatsViewModel.swift */; };
		C26FA66D2ACA5EFD001FAE5A /* README.md in Resources */ = {isa = PBXBuildFile; fileRef = C26FA66C2ACA5EFD001FAE5A /* README.md */; };
		C2F69C882AC627AC00AB47D6 /* ListViewApp.swift in Sources */ = {isa = PBXBuildFile; fileRef = C2F69C872AC627AC00AB47D6 /* ListViewApp.swift */; };
		C2F69C8A2AC627AC00AB47D6 /* ContentView.swift in Sources */ = {isa = PBXBuildFile; fileRef = C2F69C892AC627AC00AB47D6 /* ContentView.swift */; };
		C2F69C8C2AC627AD00AB47D6 /* Assets.xcassets in Resources */ = {isa = PBXBuildFile; fileRef = C2F69C8B2AC627AD00AB47D6 /* Assets.xcassets */; };
		C2F69C8F2AC627AD00AB47D6 /* Preview Assets.xcassets in Resources */ = {isa = PBXBuildFile; fileRef = C2F69C8E2AC627AD00AB47D6 /* Preview Assets.xcassets */; };
		C2F69C982AC6346900AB47D6 /* DataModel.swift in Sources */ = {isa = PBXBuildFile; fileRef = C2F69C972AC6346900AB47D6 /* DataModel.swift */; };
		C2F69C9A2AC6348500AB47D6 /* DataStructures.swift in Sources */ = {isa = PBXBuildFile; fileRef = C2F69C992AC6348500AB47D6 /* DataStructures.swift */; };
		C2F69C9D2AC634F700AB47D6 /* DownloadVC.swift in Sources */ = {isa = PBXBuildFile; fileRef = C2F69C9C2AC634F700AB47D6 /* DownloadVC.swift */; };
		C2F69CA02AC6353100AB47D6 /* Strings.swift in Sources */ = {isa = PBXBuildFile; fileRef = C2F69C9F2AC6353100AB47D6 /* Strings.swift */; };
		C2F69CA32AC6354E00AB47D6 /* GetPath.swift in Sources */ = {isa = PBXBuildFile; fileRef = C2F69CA22AC6354E00AB47D6 /* GetPath.swift */; };
		C2F69CA52AC6358100AB47D6 /* GetImageBase64.swift in Sources */ = {isa = PBXBuildFile; fileRef = C2F69CA42AC6358100AB47D6 /* GetImageBase64.swift */; };
		C2F69CA92AC658EE00AB47D6 /* GradientView.swift in Sources */ = {isa = PBXBuildFile; fileRef = C2F69CA82AC658EE00AB47D6 /* GradientView.swift */; };
		C2F69CAD2AC6679A00AB47D6 /* DukePeopleListItem.swift in Sources */ = {isa = PBXBuildFile; fileRef = C2F69CAC2AC6679A00AB47D6 /* DukePeopleListItem.swift */; };
		C2F69CAF2AC6680100AB47D6 /* DukePeopleListDetails.swift in Sources */ = {isa = PBXBuildFile; fileRef = C2F69CAE2AC6680100AB47D6 /* DukePeopleListDetails.swift */; };
		C2F69CB32AC6686800AB47D6 /* DukePeopleList.swift in Sources */ = {isa = PBXBuildFile; fileRef = C2F69CB22AC6686800AB47D6 /* DukePeopleList.swift */; };
		C2F69CB52AC66F8B00AB47D6 /* CircleImage.swift in Sources */ = {isa = PBXBuildFile; fileRef = C2F69CB42AC66F8B00AB47D6 /* CircleImage.swift */; };
/* End PBXBuildFile section */

/* Begin PBXFileReference section */
		C232D0662AD36FCE00DB458F /* CircleText.swift */ = {isa = PBXFileReference; lastKnownFileType = sourcecode.swift; path = CircleText.swift; sourceTree = "<group>"; };
		C232D0682AD3B62600DB458F /* RandomGradientView.swift */ = {isa = PBXFileReference; lastKnownFileType = sourcecode.swift; path = RandomGradientView.swift; sourceTree = "<group>"; };
		C232D06B2AD3C21800DB458F /* ImagePickerCoordinator.swift */ = {isa = PBXFileReference; lastKnownFileType = sourcecode.swift; path = ImagePickerCoordinator.swift; sourceTree = "<group>"; };
		C232D06D2AD3C29F00DB458F /* ImageSourceType.swift */ = {isa = PBXFileReference; lastKnownFileType = sourcecode.swift; path = ImageSourceType.swift; sourceTree = "<group>"; };
		C232D06F2AD4EF7500DB458F /* hw5n-29.PNG */ = {isa = PBXFileReference; lastKnownFileType = image.png; path = "hw5n-29.PNG"; sourceTree = "<group>"; };
		C232D0702AD4EF7500DB458F /* hw5n-1.PNG */ = {isa = PBXFileReference; lastKnownFileType = image.png; path = "hw5n-1.PNG"; sourceTree = "<group>"; };
		C232D0712AD4EF7500DB458F /* hw5n-26.PNG */ = {isa = PBXFileReference; lastKnownFileType = image.png; path = "hw5n-26.PNG"; sourceTree = "<group>"; };
		C232D0722AD4EF7500DB458F /* hw5n-19.PNG */ = {isa = PBXFileReference; lastKnownFileType = image.png; path = "hw5n-19.PNG"; sourceTree = "<group>"; };
		C232D0732AD4EF7500DB458F /* hw5n-20.PNG */ = {isa = PBXFileReference; lastKnownFileType = image.png; path = "hw5n-20.PNG"; sourceTree = "<group>"; };
		C232D0742AD4EF7500DB458F /* hw5n-24.PNG */ = {isa = PBXFileReference; lastKnownFileType = image.png; path = "hw5n-24.PNG"; sourceTree = "<group>"; };
		C232D0752AD4EF7500DB458F /* hw5n-15.PNG */ = {isa = PBXFileReference; lastKnownFileType = image.png; path = "hw5n-15.PNG"; sourceTree = "<group>"; };
		C232D0762AD4EF7500DB458F /* hw5n-2.PNG */ = {isa = PBXFileReference; lastKnownFileType = image.png; path = "hw5n-2.PNG"; sourceTree = "<group>"; };
		C232D0772AD4EF7500DB458F /* hw5n-31.PNG */ = {isa = PBXFileReference; lastKnownFileType = image.png; path = "hw5n-31.PNG"; sourceTree = "<group>"; };
		C232D0782AD4EF7500DB458F /* hw5n-13.PNG */ = {isa = PBXFileReference; lastKnownFileType = image.png; path = "hw5n-13.PNG"; sourceTree = "<group>"; };
		C232D0792AD4EF7500DB458F /* hw5n-4.PNG */ = {isa = PBXFileReference; lastKnownFileType = image.png; path = "hw5n-4.PNG"; sourceTree = "<group>"; };
		C232D07A2AD4EF7500DB458F /* hw5n-6.PNG */ = {isa = PBXFileReference; lastKnownFileType = image.png; path = "hw5n-6.PNG"; sourceTree = "<group>"; };
		C232D07B2AD4EF7500DB458F /* hw5n-8.PNG */ = {isa = PBXFileReference; lastKnownFileType = image.png; path = "hw5n-8.PNG"; sourceTree = "<group>"; };
		C232D07C2AD4EF7500DB458F /* hw5n-16.PNG */ = {isa = PBXFileReference; lastKnownFileType = image.png; path = "hw5n-16.PNG"; sourceTree = "<group>"; };
		C232D07D2AD4EF7500DB458F /* hw5n-30.PNG */ = {isa = PBXFileReference; lastKnownFileType = image.png; path = "hw5n-30.PNG"; sourceTree = "<group>"; };
		C232D07E2AD4EF7500DB458F /* hw5n-32.PNG */ = {isa = PBXFileReference; lastKnownFileType = image.png; path = "hw5n-32.PNG"; sourceTree = "<group>"; };
		C232D07F2AD4EF7500DB458F /* hw5n-17.PNG */ = {isa = PBXFileReference; lastKnownFileType = image.png; path = "hw5n-17.PNG"; sourceTree = "<group>"; };
		C232D0802AD4EF7500DB458F /* hw5n-9.PNG */ = {isa = PBXFileReference; lastKnownFileType = image.png; path = "hw5n-9.PNG"; sourceTree = "<group>"; };
		C232D0812AD4EF7500DB458F /* hw5n-27.PNG */ = {isa = PBXFileReference; lastKnownFileType = image.png; path = "hw5n-27.PNG"; sourceTree = "<group>"; };
		C232D0822AD4EF7500DB458F /* hw5n-12.PNG */ = {isa = PBXFileReference; lastKnownFileType = image.png; path = "hw5n-12.PNG"; sourceTree = "<group>"; };
		C232D0832AD4EF7500DB458F /* hw5n-21.PNG */ = {isa = PBXFileReference; lastKnownFileType = image.png; path = "hw5n-21.PNG"; sourceTree = "<group>"; };
		C232D0842AD4EF7600DB458F /* hw5n-22.PNG */ = {isa = PBXFileReference; lastKnownFileType = image.png; path = "hw5n-22.PNG"; sourceTree = "<group>"; };
		C232D0852AD4EF7600DB458F /* hw5n-11.PNG */ = {isa = PBXFileReference; lastKnownFileType = image.png; path = "hw5n-11.PNG"; sourceTree = "<group>"; };
		C232D0862AD4EF7600DB458F /* hw5n-25.PNG */ = {isa = PBXFileReference; lastKnownFileType = image.png; path = "hw5n-25.PNG"; sourceTree = "<group>"; };
		C232D0872AD4EF7600DB458F /* hw5n-28.PNG */ = {isa = PBXFileReference; lastKnownFileType = image.png; path = "hw5n-28.PNG"; sourceTree = "<group>"; };
		C232D0882AD4EF7600DB458F /* hw5n-33.PNG */ = {isa = PBXFileReference; lastKnownFileType = image.png; path = "hw5n-33.PNG"; sourceTree = "<group>"; };
		C232D0892AD4EF7600DB458F /* hw5n-14.PNG */ = {isa = PBXFileReference; lastKnownFileType = image.png; path = "hw5n-14.PNG"; sourceTree = "<group>"; };
		C232D08A2AD4EF7600DB458F /* hw5n-10.PNG */ = {isa = PBXFileReference; lastKnownFileType = image.png; path = "hw5n-10.PNG"; sourceTree = "<group>"; };
		C232D08B2AD4EF7600DB458F /* hw5n-5.PNG */ = {isa = PBXFileReference; lastKnownFileType = image.png; path = "hw5n-5.PNG"; sourceTree = "<group>"; };
		C232D08C2AD4EF7600DB458F /* hw5n-18.PNG */ = {isa = PBXFileReference; lastKnownFileType = image.png; path = "hw5n-18.PNG"; sourceTree = "<group>"; };
		C232D08D2AD4EF7600DB458F /* hw5n-7.PNG */ = {isa = PBXFileReference; lastKnownFileType = image.png; path = "hw5n-7.PNG"; sourceTree = "<group>"; };
		C232D08E2AD4EF7600DB458F /* hw5n-3.PNG */ = {isa = PBXFileReference; lastKnownFileType = image.png; path = "hw5n-3.PNG"; sourceTree = "<group>"; };
		C232D08F2AD4EF7600DB458F /* hw5n-23.PNG */ = {isa = PBXFileReference; lastKnownFileType = image.png; path = "hw5n-23.PNG"; sourceTree = "<group>"; };
		C24DB47A2AD1F89A00C0A22D /* AddEditView.swift */ = {isa = PBXFileReference; lastKnownFileType = sourcecode.swift; path = AddEditView.swift; sourceTree = "<group>"; };
		C26FA63E2AC72C50001FAE5A /* Hugo-Info.plist */ = {isa = PBXFileReference; lastKnownFileType = text.plist; path = "Hugo-Info.plist"; sourceTree = "<group>"; };
		C26FA6402AC91AE0001FAE5A /* Search.swift */ = {isa = PBXFileReference; lastKnownFileType = sourcecode.swift; path = Search.swift; sourceTree = "<group>"; };
		C26FA6422AC92A6C001FAE5A /* ShadowedDivider.swift */ = {isa = PBXFileReference; lastKnownFileType = sourcecode.swift; path = ShadowedDivider.swift; sourceTree = "<group>"; };
		C26FA6442AC9ECDE001FAE5A /* NoResult.swift */ = {isa = PBXFileReference; lastKnownFileType = sourcecode.swift; path = NoResult.swift; sourceTree = "<group>"; };
		C26FA64C2ACA20B8001FAE5A /* BarView.swift */ = {isa = PBXFileReference; lastKnownFileType = sourcecode.swift; path = BarView.swift; sourceTree = "<group>"; };
		C26FA64F2ACA2110001FAE5A /* DukeStatsView.swift */ = {isa = PBXFileReference; lastKnownFileType = sourcecode.swift; path = DukeStatsView.swift; sourceTree = "<group>"; };
		C26FA6512ACA21CC001FAE5A /* DukeStatsViewModel.swift */ = {isa = PBXFileReference; lastKnownFileType = sourcecode.swift; path = DukeStatsViewModel.swift; sourceTree = "<group>"; };
		C26FA66C2ACA5EFD001FAE5A /* README.md */ = {isa = PBXFileReference; fileEncoding = 4; lastKnownFileType = net.daringfireball.markdown; path = README.md; sourceTree = "<group>"; };
		C2F69C842AC627AC00AB47D6 /* Hugo.app */ = {isa = PBXFileReference; explicitFileType = wrapper.application; includeInIndex = 0; path = Hugo.app; sourceTree = BUILT_PRODUCTS_DIR; };
		C2F69C872AC627AC00AB47D6 /* ListViewApp.swift */ = {isa = PBXFileReference; lastKnownFileType = sourcecode.swift; path = ListViewApp.swift; sourceTree = "<group>"; };
		C2F69C892AC627AC00AB47D6 /* ContentView.swift */ = {isa = PBXFileReference; lastKnownFileType = sourcecode.swift; path = ContentView.swift; sourceTree = "<group>"; };
		C2F69C8B2AC627AD00AB47D6 /* Assets.xcassets */ = {isa = PBXFileReference; lastKnownFileType = folder.assetcatalog; path = Assets.xcassets; sourceTree = "<group>"; };
		C2F69C8E2AC627AD00AB47D6 /* Preview Assets.xcassets */ = {isa = PBXFileReference; lastKnownFileType = folder.assetcatalog; path = "Preview Assets.xcassets"; sourceTree = "<group>"; };
		C2F69C972AC6346900AB47D6 /* DataModel.swift */ = {isa = PBXFileReference; lastKnownFileType = sourcecode.swift; path = DataModel.swift; sourceTree = "<group>"; };
		C2F69C992AC6348500AB47D6 /* DataStructures.swift */ = {isa = PBXFileReference; lastKnownFileType = sourcecode.swift; path = DataStructures.swift; sourceTree = "<group>"; };
		C2F69C9C2AC634F700AB47D6 /* DownloadVC.swift */ = {isa = PBXFileReference; lastKnownFileType = sourcecode.swift; path = DownloadVC.swift; sourceTree = "<group>"; };
		C2F69C9F2AC6353100AB47D6 /* Strings.swift */ = {isa = PBXFileReference; lastKnownFileType = sourcecode.swift; path = Strings.swift; sourceTree = "<group>"; };
		C2F69CA22AC6354E00AB47D6 /* GetPath.swift */ = {isa = PBXFileReference; lastKnownFileType = sourcecode.swift; path = GetPath.swift; sourceTree = "<group>"; };
		C2F69CA42AC6358100AB47D6 /* GetImageBase64.swift */ = {isa = PBXFileReference; lastKnownFileType = sourcecode.swift; path = GetImageBase64.swift; sourceTree = "<group>"; };
		C2F69CA82AC658EE00AB47D6 /* GradientView.swift */ = {isa = PBXFileReference; lastKnownFileType = sourcecode.swift; path = GradientView.swift; sourceTree = "<group>"; };
		C2F69CAC2AC6679A00AB47D6 /* DukePeopleListItem.swift */ = {isa = PBXFileReference; lastKnownFileType = sourcecode.swift; path = DukePeopleListItem.swift; sourceTree = "<group>"; };
		C2F69CAE2AC6680100AB47D6 /* DukePeopleListDetails.swift */ = {isa = PBXFileReference; lastKnownFileType = sourcecode.swift; path = DukePeopleListDetails.swift; sourceTree = "<group>"; };
		C2F69CB22AC6686800AB47D6 /* DukePeopleList.swift */ = {isa = PBXFileReference; lastKnownFileType = sourcecode.swift; path = DukePeopleList.swift; sourceTree = "<group>"; };
		C2F69CB42AC66F8B00AB47D6 /* CircleImage.swift */ = {isa = PBXFileReference; lastKnownFileType = sourcecode.swift; path = CircleImage.swift; sourceTree = "<group>"; };
/* End PBXFileReference section */

/* Begin PBXFrameworksBuildPhase section */
		C2F69C812AC627AC00AB47D6 /* Frameworks */ = {
			isa = PBXFrameworksBuildPhase;
			buildActionMask = 2147483647;
			files = (
				C26FA6482ACA0136001FAE5A /* BackgroundRemoval in Frameworks */,
				C232D0652AD35FD600DB458F /* LocationPicker in Frameworks */,
			);
			runOnlyForDeploymentPostprocessing = 0;
		};
/* End PBXFrameworksBuildPhase section */

/* Begin PBXGroup section */
		C232D06A2AD3C20500DB458F /* Tool */ = {
			isa = PBXGroup;
			children = (
				C26FA6422AC92A6C001FAE5A /* ShadowedDivider.swift */,
				C26FA64C2ACA20B8001FAE5A /* BarView.swift */,
				C232D0682AD3B62600DB458F /* RandomGradientView.swift */,
				C232D06B2AD3C21800DB458F /* ImagePickerCoordinator.swift */,
			);
			path = Tool;
			sourceTree = "<group>";
		};
		C24DB4792AD1F88F00C0A22D /* AddEditView */ = {
			isa = PBXGroup;
			children = (
				C24DB47A2AD1F89A00C0A22D /* AddEditView.swift */,
			);
			path = AddEditView;
			sourceTree = "<group>";
		};
		C26FA64E2ACA20FC001FAE5A /* StatsView */ = {
			isa = PBXGroup;
			children = (
				C26FA64F2ACA2110001FAE5A /* DukeStatsView.swift */,
			);
			path = StatsView;
			sourceTree = "<group>";
		};
		C26FA6532ACA5E58001FAE5A /* Assets */ = {
			isa = PBXGroup;
			children = (
				C232D0702AD4EF7500DB458F /* hw5n-1.PNG */,
				C232D0762AD4EF7500DB458F /* hw5n-2.PNG */,
				C232D08E2AD4EF7600DB458F /* hw5n-3.PNG */,
				C232D0792AD4EF7500DB458F /* hw5n-4.PNG */,
				C232D08B2AD4EF7600DB458F /* hw5n-5.PNG */,
				C232D07A2AD4EF7500DB458F /* hw5n-6.PNG */,
				C232D08D2AD4EF7600DB458F /* hw5n-7.PNG */,
				C232D07B2AD4EF7500DB458F /* hw5n-8.PNG */,
				C232D0802AD4EF7500DB458F /* hw5n-9.PNG */,
				C232D08A2AD4EF7600DB458F /* hw5n-10.PNG */,
				C232D0852AD4EF7600DB458F /* hw5n-11.PNG */,
				C232D0822AD4EF7500DB458F /* hw5n-12.PNG */,
				C232D0782AD4EF7500DB458F /* hw5n-13.PNG */,
				C232D0892AD4EF7600DB458F /* hw5n-14.PNG */,
				C232D0752AD4EF7500DB458F /* hw5n-15.PNG */,
				C232D07C2AD4EF7500DB458F /* hw5n-16.PNG */,
				C232D07F2AD4EF7500DB458F /* hw5n-17.PNG */,
				C232D08C2AD4EF7600DB458F /* hw5n-18.PNG */,
				C232D0722AD4EF7500DB458F /* hw5n-19.PNG */,
				C232D0732AD4EF7500DB458F /* hw5n-20.PNG */,
				C232D0832AD4EF7500DB458F /* hw5n-21.PNG */,
				C232D0842AD4EF7600DB458F /* hw5n-22.PNG */,
				C232D08F2AD4EF7600DB458F /* hw5n-23.PNG */,
				C232D0742AD4EF7500DB458F /* hw5n-24.PNG */,
				C232D0862AD4EF7600DB458F /* hw5n-25.PNG */,
				C232D0712AD4EF7500DB458F /* hw5n-26.PNG */,
				C232D0812AD4EF7500DB458F /* hw5n-27.PNG */,
				C232D0872AD4EF7600DB458F /* hw5n-28.PNG */,
				C232D06F2AD4EF7500DB458F /* hw5n-29.PNG */,
				C232D07D2AD4EF7500DB458F /* hw5n-30.PNG */,
				C232D0772AD4EF7500DB458F /* hw5n-31.PNG */,
				C232D07E2AD4EF7500DB458F /* hw5n-32.PNG */,
				C232D0882AD4EF7600DB458F /* hw5n-33.PNG */,
			);
			path = Assets;
			sourceTree = "<group>";
		};
		C2F69C7B2AC627AB00AB47D6 = {
			isa = PBXGroup;
			children = (
				C26FA66C2ACA5EFD001FAE5A /* README.md */,
				C26FA6532ACA5E58001FAE5A /* Assets */,
				C26FA63E2AC72C50001FAE5A /* Hugo-Info.plist */,
				C2F69C862AC627AC00AB47D6 /* ListView */,
				C2F69C852AC627AC00AB47D6 /* Products */,
			);
			sourceTree = "<group>";
		};
		C2F69C852AC627AC00AB47D6 /* Products */ = {
			isa = PBXGroup;
			children = (
				C2F69C842AC627AC00AB47D6 /* Hugo.app */,
			);
			name = Products;
			sourceTree = "<group>";
		};
		C2F69C862AC627AC00AB47D6 /* ListView */ = {
			isa = PBXGroup;
			children = (
				C2F69CAA2AC6592B00AB47D6 /* View */,
				C2F69CA12AC6353E00AB47D6 /* Util */,
				C2F69C9E2AC6351D00AB47D6 /* Constant */,
				C2F69C9B2AC634E000AB47D6 /* Controller */,
				C2F69C952AC6341100AB47D6 /* Model */,
				C2F69C872AC627AC00AB47D6 /* ListViewApp.swift */,
				C2F69C8B2AC627AD00AB47D6 /* Assets.xcassets */,
				C2F69C8D2AC627AD00AB47D6 /* Preview Content */,
			);
			path = ListView;
			sourceTree = "<group>";
		};
		C2F69C8D2AC627AD00AB47D6 /* Preview Content */ = {
			isa = PBXGroup;
			children = (
				C2F69C8E2AC627AD00AB47D6 /* Preview Assets.xcassets */,
			);
			path = "Preview Content";
			sourceTree = "<group>";
		};
		C2F69C952AC6341100AB47D6 /* Model */ = {
			isa = PBXGroup;
			children = (
				C2F69C972AC6346900AB47D6 /* DataModel.swift */,
				C2F69C992AC6348500AB47D6 /* DataStructures.swift */,
				C26FA6512ACA21CC001FAE5A /* DukeStatsViewModel.swift */,
				C232D06D2AD3C29F00DB458F /* ImageSourceType.swift */,
			);
			path = Model;
			sourceTree = "<group>";
		};
		C2F69C9B2AC634E000AB47D6 /* Controller */ = {
			isa = PBXGroup;
			children = (
				C2F69C9C2AC634F700AB47D6 /* DownloadVC.swift */,
			);
			path = Controller;
			sourceTree = "<group>";
		};
		C2F69C9E2AC6351D00AB47D6 /* Constant */ = {
			isa = PBXGroup;
			children = (
				C2F69C9F2AC6353100AB47D6 /* Strings.swift */,
			);
			path = Constant;
			sourceTree = "<group>";
		};
		C2F69CA12AC6353E00AB47D6 /* Util */ = {
			isa = PBXGroup;
			children = (
				C2F69CA22AC6354E00AB47D6 /* GetPath.swift */,
				C2F69CA42AC6358100AB47D6 /* GetImageBase64.swift */,
				C2F69CA82AC658EE00AB47D6 /* GradientView.swift */,
				C2F69CB42AC66F8B00AB47D6 /* CircleImage.swift */,
				C26FA6402AC91AE0001FAE5A /* Search.swift */,
			);
			path = Util;
			sourceTree = "<group>";
		};
		C2F69CAA2AC6592B00AB47D6 /* View */ = {
			isa = PBXGroup;
			children = (
				C232D06A2AD3C20500DB458F /* Tool */,
				C24DB4792AD1F88F00C0A22D /* AddEditView */,
				C26FA64E2ACA20FC001FAE5A /* StatsView */,
				C2F69CB02AC6684600AB47D6 /* ListView */,
				C2F69CAB2AC6678700AB47D6 /* Item */,
				C2F69C892AC627AC00AB47D6 /* ContentView.swift */,
			);
			path = View;
			sourceTree = "<group>";
		};
		C2F69CAB2AC6678700AB47D6 /* Item */ = {
			isa = PBXGroup;
			children = (
				C2F69CAC2AC6679A00AB47D6 /* DukePeopleListItem.swift */,
				C26FA6442AC9ECDE001FAE5A /* NoResult.swift */,
				C232D0662AD36FCE00DB458F /* CircleText.swift */,
			);
			path = Item;
			sourceTree = "<group>";
		};
		C2F69CB02AC6684600AB47D6 /* ListView */ = {
			isa = PBXGroup;
			children = (
				C2F69CAE2AC6680100AB47D6 /* DukePeopleListDetails.swift */,
				C2F69CB22AC6686800AB47D6 /* DukePeopleList.swift */,
			);
			path = ListView;
			sourceTree = "<group>";
		};
/* End PBXGroup section */

/* Begin PBXNativeTarget section */
		C2F69C832AC627AC00AB47D6 /* Hugo */ = {
			isa = PBXNativeTarget;
			buildConfigurationList = C2F69C922AC627AD00AB47D6 /* Build configuration list for PBXNativeTarget "Hugo" */;
			buildPhases = (
				C2F69C802AC627AC00AB47D6 /* Sources */,
				C2F69C812AC627AC00AB47D6 /* Frameworks */,
				C2F69C822AC627AC00AB47D6 /* Resources */,
			);
			buildRules = (
			);
			dependencies = (
			);
			name = Hugo;
			packageProductDependencies = (
				C26FA6472ACA0136001FAE5A /* BackgroundRemoval */,
				C232D0642AD35FD600DB458F /* LocationPicker */,
			);
			productName = ListView;
			productReference = C2F69C842AC627AC00AB47D6 /* Hugo.app */;
			productType = "com.apple.product-type.application";
		};
/* End PBXNativeTarget section */

/* Begin PBXProject section */
		C2F69C7C2AC627AB00AB47D6 /* Project object */ = {
			isa = PBXProject;
			attributes = {
				BuildIndependentTargetsInParallel = 1;
				LastSwiftUpdateCheck = 1500;
				LastUpgradeCheck = 1500;
				TargetAttributes = {
					C2F69C832AC627AC00AB47D6 = {
						CreatedOnToolsVersion = 15.0;
					};
				};
			};
			buildConfigurationList = C2F69C7F2AC627AB00AB47D6 /* Build configuration list for PBXProject "ListView" */;
			compatibilityVersion = "Xcode 14.0";
			developmentRegion = en;
			hasScannedForEncodings = 0;
			knownRegions = (
				en,
				Base,
			);
			mainGroup = C2F69C7B2AC627AB00AB47D6;
			packageReferences = (
				C26FA6462ACA0136001FAE5A /* XCRemoteSwiftPackageReference "BackgroundRemoval" */,
				C232D0632AD35FD600DB458F /* XCRemoteSwiftPackageReference "LocationPickerForSwiftUI" */,
			);
			productRefGroup = C2F69C852AC627AC00AB47D6 /* Products */;
			projectDirPath = "";
			projectRoot = "";
			targets = (
				C2F69C832AC627AC00AB47D6 /* Hugo */,
			);
		};
/* End PBXProject section */

/* Begin PBXResourcesBuildPhase section */
		C2F69C822AC627AC00AB47D6 /* Resources */ = {
			isa = PBXResourcesBuildPhase;
			buildActionMask = 2147483647;
			files = (
				C232D09E2AD4EF7600DB458F /* hw5n-30.PNG in Resources */,
				C232D0A62AD4EF7600DB458F /* hw5n-11.PNG in Resources */,
				C232D0AF2AD4EF7600DB458F /* hw5n-3.PNG in Resources */,
				C232D0AE2AD4EF7600DB458F /* hw5n-7.PNG in Resources */,
				C232D0992AD4EF7600DB458F /* hw5n-13.PNG in Resources */,
				C2F69C8F2AC627AD00AB47D6 /* Preview Assets.xcassets in Resources */,
				C232D0AB2AD4EF7600DB458F /* hw5n-10.PNG in Resources */,
				C232D0AD2AD4EF7600DB458F /* hw5n-18.PNG in Resources */,
				C232D09D2AD4EF7600DB458F /* hw5n-16.PNG in Resources */,
				C232D0A12AD4EF7600DB458F /* hw5n-9.PNG in Resources */,
				C232D0A52AD4EF7600DB458F /* hw5n-22.PNG in Resources */,
				C232D0912AD4EF7600DB458F /* hw5n-1.PNG in Resources */,
				C232D09A2AD4EF7600DB458F /* hw5n-4.PNG in Resources */,
				C232D0B02AD4EF7600DB458F /* hw5n-23.PNG in Resources */,
				C232D0A42AD4EF7600DB458F /* hw5n-21.PNG in Resources */,
				C232D0942AD4EF7600DB458F /* hw5n-20.PNG in Resources */,
				C232D0982AD4EF7600DB458F /* hw5n-31.PNG in Resources */,
				C232D0932AD4EF7600DB458F /* hw5n-19.PNG in Resources */,
				C232D0962AD4EF7600DB458F /* hw5n-15.PNG in Resources */,
				C232D0A22AD4EF7600DB458F /* hw5n-27.PNG in Resources */,
				C232D0902AD4EF7600DB458F /* hw5n-29.PNG in Resources */,
				C232D09C2AD4EF7600DB458F /* hw5n-8.PNG in Resources */,
				C232D0AC2AD4EF7600DB458F /* hw5n-5.PNG in Resources */,
				C232D0AA2AD4EF7600DB458F /* hw5n-14.PNG in Resources */,
				C232D0A02AD4EF7600DB458F /* hw5n-17.PNG in Resources */,
				C232D0972AD4EF7600DB458F /* hw5n-2.PNG in Resources */,
				C232D09F2AD4EF7600DB458F /* hw5n-32.PNG in Resources */,
				C232D0A92AD4EF7600DB458F /* hw5n-33.PNG in Resources */,
				C26FA66D2ACA5EFD001FAE5A /* README.md in Resources */,
				C232D0922AD4EF7600DB458F /* hw5n-26.PNG in Resources */,
				C232D0A72AD4EF7600DB458F /* hw5n-25.PNG in Resources */,
				C232D0952AD4EF7600DB458F /* hw5n-24.PNG in Resources */,
				C2F69C8C2AC627AD00AB47D6 /* Assets.xcassets in Resources */,
				C232D0A32AD4EF7600DB458F /* hw5n-12.PNG in Resources */,
				C232D09B2AD4EF7600DB458F /* hw5n-6.PNG in Resources */,
				C232D0A82AD4EF7600DB458F /* hw5n-28.PNG in Resources */,
			);
			runOnlyForDeploymentPostprocessing = 0;
		};
/* End PBXResourcesBuildPhase section */

/* Begin PBXSourcesBuildPhase section */
		C2F69C802AC627AC00AB47D6 /* Sources */ = {
			isa = PBXSourcesBuildPhase;
			buildActionMask = 2147483647;
			files = (
				C2F69C8A2AC627AC00AB47D6 /* ContentView.swift in Sources */,
				C26FA64D2ACA20B8001FAE5A /* BarView.swift in Sources */,
				C232D0672AD36FCE00DB458F /* CircleText.swift in Sources */,
				C26FA6432AC92A6C001FAE5A /* ShadowedDivider.swift in Sources */,
				C2F69CB32AC6686800AB47D6 /* DukePeopleList.swift in Sources */,
				C2F69CB52AC66F8B00AB47D6 /* CircleImage.swift in Sources */,
				C2F69CA92AC658EE00AB47D6 /* GradientView.swift in Sources */,
				C26FA6452AC9ECDE001FAE5A /* NoResult.swift in Sources */,
				C232D06C2AD3C21800DB458F /* ImagePickerCoordinator.swift in Sources */,
				C2F69CA32AC6354E00AB47D6 /* GetPath.swift in Sources */,
				C232D0692AD3B62600DB458F /* RandomGradientView.swift in Sources */,
				C26FA6502ACA2110001FAE5A /* DukeStatsView.swift in Sources */,
				C2F69C9A2AC6348500AB47D6 /* DataStructures.swift in Sources */,
				C2F69C9D2AC634F700AB47D6 /* DownloadVC.swift in Sources */,
				C232D06E2AD3C29F00DB458F /* ImageSourceType.swift in Sources */,
				C2F69C882AC627AC00AB47D6 /* ListViewApp.swift in Sources */,
				C2F69CA02AC6353100AB47D6 /* Strings.swift in Sources */,
				C2F69C982AC6346900AB47D6 /* DataModel.swift in Sources */,
				C2F69CAF2AC6680100AB47D6 /* DukePeopleListDetails.swift in Sources */,
				C2F69CA52AC6358100AB47D6 /* GetImageBase64.swift in Sources */,
				C26FA6522ACA21CC001FAE5A /* DukeStatsViewModel.swift in Sources */,
				C2F69CAD2AC6679A00AB47D6 /* DukePeopleListItem.swift in Sources */,
				C24DB47B2AD1F89A00C0A22D /* AddEditView.swift in Sources */,
				C26FA6412AC91AE0001FAE5A /* Search.swift in Sources */,
			);
			runOnlyForDeploymentPostprocessing = 0;
		};
/* End PBXSourcesBuildPhase section */

/* Begin XCBuildConfiguration section */
		C2F69C902AC627AD00AB47D6 /* Debug */ = {
			isa = XCBuildConfiguration;
			buildSettings = {
				ALWAYS_SEARCH_USER_PATHS = NO;
				ASSETCATALOG_COMPILER_GENERATE_SWIFT_ASSET_SYMBOL_EXTENSIONS = YES;
				CLANG_ANALYZER_NONNULL = YES;
				CLANG_ANALYZER_NUMBER_OBJECT_CONVERSION = YES_AGGRESSIVE;
				CLANG_CXX_LANGUAGE_STANDARD = "gnu++20";
				CLANG_ENABLE_MODULES = YES;
				CLANG_ENABLE_OBJC_ARC = YES;
				CLANG_ENABLE_OBJC_WEAK = YES;
				CLANG_WARN_BLOCK_CAPTURE_AUTORELEASING = YES;
				CLANG_WARN_BOOL_CONVERSION = YES;
				CLANG_WARN_COMMA = YES;
				CLANG_WARN_CONSTANT_CONVERSION = YES;
				CLANG_WARN_DEPRECATED_OBJC_IMPLEMENTATIONS = YES;
				CLANG_WARN_DIRECT_OBJC_ISA_USAGE = YES_ERROR;
				CLANG_WARN_DOCUMENTATION_COMMENTS = YES;
				CLANG_WARN_EMPTY_BODY = YES;
				CLANG_WARN_ENUM_CONVERSION = YES;
				CLANG_WARN_INFINITE_RECURSION = YES;
				CLANG_WARN_INT_CONVERSION = YES;
				CLANG_WARN_NON_LITERAL_NULL_CONVERSION = YES;
				CLANG_WARN_OBJC_IMPLICIT_RETAIN_SELF = YES;
				CLANG_WARN_OBJC_LITERAL_CONVERSION = YES;
				CLANG_WARN_OBJC_ROOT_CLASS = YES_ERROR;
				CLANG_WARN_QUOTED_INCLUDE_IN_FRAMEWORK_HEADER = YES;
				CLANG_WARN_RANGE_LOOP_ANALYSIS = YES;
				CLANG_WARN_STRICT_PROTOTYPES = YES;
				CLANG_WARN_SUSPICIOUS_MOVE = YES;
				CLANG_WARN_UNGUARDED_AVAILABILITY = YES_AGGRESSIVE;
				CLANG_WARN_UNREACHABLE_CODE = YES;
				CLANG_WARN__DUPLICATE_METHOD_MATCH = YES;
				COPY_PHASE_STRIP = NO;
				DEBUG_INFORMATION_FORMAT = dwarf;
				ENABLE_STRICT_OBJC_MSGSEND = YES;
				ENABLE_TESTABILITY = YES;
				ENABLE_USER_SCRIPT_SANDBOXING = YES;
				GCC_C_LANGUAGE_STANDARD = gnu17;
				GCC_DYNAMIC_NO_PIC = NO;
				GCC_NO_COMMON_BLOCKS = YES;
				GCC_OPTIMIZATION_LEVEL = 0;
				GCC_PREPROCESSOR_DEFINITIONS = (
					"DEBUG=1",
					"$(inherited)",
				);
				GCC_WARN_64_TO_32_BIT_CONVERSION = YES;
				GCC_WARN_ABOUT_RETURN_TYPE = YES_ERROR;
				GCC_WARN_UNDECLARED_SELECTOR = YES;
				GCC_WARN_UNINITIALIZED_AUTOS = YES_AGGRESSIVE;
				GCC_WARN_UNUSED_FUNCTION = YES;
				GCC_WARN_UNUSED_VARIABLE = YES;
				IPHONEOS_DEPLOYMENT_TARGET = 16.6;
				LOCALIZATION_PREFERS_STRING_CATALOGS = YES;
				MTL_ENABLE_DEBUG_INFO = INCLUDE_SOURCE;
				MTL_FAST_MATH = YES;
				ONLY_ACTIVE_ARCH = YES;
				SDKROOT = iphoneos;
				SWIFT_ACTIVE_COMPILATION_CONDITIONS = "DEBUG $(inherited)";
				SWIFT_OPTIMIZATION_LEVEL = "-Onone";
			};
			name = Debug;
		};
		C2F69C912AC627AD00AB47D6 /* Release */ = {
			isa = XCBuildConfiguration;
			buildSettings = {
				ALWAYS_SEARCH_USER_PATHS = NO;
				ASSETCATALOG_COMPILER_GENERATE_SWIFT_ASSET_SYMBOL_EXTENSIONS = YES;
				CLANG_ANALYZER_NONNULL = YES;
				CLANG_ANALYZER_NUMBER_OBJECT_CONVERSION = YES_AGGRESSIVE;
				CLANG_CXX_LANGUAGE_STANDARD = "gnu++20";
				CLANG_ENABLE_MODULES = YES;
				CLANG_ENABLE_OBJC_ARC = YES;
				CLANG_ENABLE_OBJC_WEAK = YES;
				CLANG_WARN_BLOCK_CAPTURE_AUTORELEASING = YES;
				CLANG_WARN_BOOL_CONVERSION = YES;
				CLANG_WARN_COMMA = YES;
				CLANG_WARN_CONSTANT_CONVERSION = YES;
				CLANG_WARN_DEPRECATED_OBJC_IMPLEMENTATIONS = YES;
				CLANG_WARN_DIRECT_OBJC_ISA_USAGE = YES_ERROR;
				CLANG_WARN_DOCUMENTATION_COMMENTS = YES;
				CLANG_WARN_EMPTY_BODY = YES;
				CLANG_WARN_ENUM_CONVERSION = YES;
				CLANG_WARN_INFINITE_RECURSION = YES;
				CLANG_WARN_INT_CONVERSION = YES;
				CLANG_WARN_NON_LITERAL_NULL_CONVERSION = YES;
				CLANG_WARN_OBJC_IMPLICIT_RETAIN_SELF = YES;
				CLANG_WARN_OBJC_LITERAL_CONVERSION = YES;
				CLANG_WARN_OBJC_ROOT_CLASS = YES_ERROR;
				CLANG_WARN_QUOTED_INCLUDE_IN_FRAMEWORK_HEADER = YES;
				CLANG_WARN_RANGE_LOOP_ANALYSIS = YES;
				CLANG_WARN_STRICT_PROTOTYPES = YES;
				CLANG_WARN_SUSPICIOUS_MOVE = YES;
				CLANG_WARN_UNGUARDED_AVAILABILITY = YES_AGGRESSIVE;
				CLANG_WARN_UNREACHABLE_CODE = YES;
				CLANG_WARN__DUPLICATE_METHOD_MATCH = YES;
				COPY_PHASE_STRIP = NO;
				DEBUG_INFORMATION_FORMAT = "dwarf-with-dsym";
				ENABLE_NS_ASSERTIONS = NO;
				ENABLE_STRICT_OBJC_MSGSEND = YES;
				ENABLE_USER_SCRIPT_SANDBOXING = YES;
				GCC_C_LANGUAGE_STANDARD = gnu17;
				GCC_NO_COMMON_BLOCKS = YES;
				GCC_WARN_64_TO_32_BIT_CONVERSION = YES;
				GCC_WARN_ABOUT_RETURN_TYPE = YES_ERROR;
				GCC_WARN_UNDECLARED_SELECTOR = YES;
				GCC_WARN_UNINITIALIZED_AUTOS = YES_AGGRESSIVE;
				GCC_WARN_UNUSED_FUNCTION = YES;
				GCC_WARN_UNUSED_VARIABLE = YES;
				IPHONEOS_DEPLOYMENT_TARGET = 16.6;
				LOCALIZATION_PREFERS_STRING_CATALOGS = YES;
				MTL_ENABLE_DEBUG_INFO = NO;
				MTL_FAST_MATH = YES;
				SDKROOT = iphoneos;
				SWIFT_COMPILATION_MODE = wholemodule;
				VALIDATE_PRODUCT = YES;
			};
			name = Release;
		};
		C2F69C932AC627AD00AB47D6 /* Debug */ = {
			isa = XCBuildConfiguration;
			buildSettings = {
				ASSETCATALOG_COMPILER_APPICON_NAME = AppIcon;
				ASSETCATALOG_COMPILER_GLOBAL_ACCENT_COLOR_NAME = AccentColor;
				CODE_SIGN_STYLE = Automatic;
				CURRENT_PROJECT_VERSION = 1;
				DEVELOPMENT_ASSET_PATHS = "\"ListView/Preview Content\"";
				DEVELOPMENT_TEAM = 8A82Z8N5J2;
				ENABLE_PREVIEWS = YES;
				GENERATE_INFOPLIST_FILE = YES;
				INFOPLIST_FILE = "Hugo-Info.plist";
				INFOPLIST_KEY_CFBundleDisplayName = Hugo;
				INFOPLIST_KEY_LSApplicationCategoryType = "public.app-category.education";
				INFOPLIST_KEY_UIApplicationSceneManifest_Generation = YES;
				INFOPLIST_KEY_UIApplicationSupportsIndirectInputEvents = YES;
				INFOPLIST_KEY_UILaunchScreen_Generation = YES;
				INFOPLIST_KEY_UISupportedInterfaceOrientations_iPad = "UIInterfaceOrientationPortrait UIInterfaceOrientationPortraitUpsideDown UIInterfaceOrientationLandscapeLeft UIInterfaceOrientationLandscapeRight";
				INFOPLIST_KEY_UISupportedInterfaceOrientations_iPhone = "UIInterfaceOrientationPortrait UIInterfaceOrientationLandscapeLeft UIInterfaceOrientationLandscapeRight";
				IPHONEOS_DEPLOYMENT_TARGET = 16.6;
				LD_RUNPATH_SEARCH_PATHS = (
					"$(inherited)",
					"@executable_path/Frameworks",
				);
				MARKETING_VERSION = 1.0;
				PRODUCT_BUNDLE_IDENTIFIER = edu.duke.yh342;
				PRODUCT_NAME = "$(TARGET_NAME)";
				SWIFT_EMIT_LOC_STRINGS = YES;
				SWIFT_VERSION = 5.0;
				TARGETED_DEVICE_FAMILY = "1,2";
			};
			name = Debug;
		};
		C2F69C942AC627AD00AB47D6 /* Release */ = {
			isa = XCBuildConfiguration;
			buildSettings = {
				ASSETCATALOG_COMPILER_APPICON_NAME = AppIcon;
				ASSETCATALOG_COMPILER_GLOBAL_ACCENT_COLOR_NAME = AccentColor;
				CODE_SIGN_STYLE = Automatic;
				CURRENT_PROJECT_VERSION = 1;
				DEVELOPMENT_ASSET_PATHS = "\"ListView/Preview Content\"";
				DEVELOPMENT_TEAM = 8A82Z8N5J2;
				ENABLE_PREVIEWS = YES;
				GENERATE_INFOPLIST_FILE = YES;
				INFOPLIST_FILE = "Hugo-Info.plist";
				INFOPLIST_KEY_CFBundleDisplayName = Hugo;
				INFOPLIST_KEY_LSApplicationCategoryType = "public.app-category.education";
				INFOPLIST_KEY_UIApplicationSceneManifest_Generation = YES;
				INFOPLIST_KEY_UIApplicationSupportsIndirectInputEvents = YES;
				INFOPLIST_KEY_UILaunchScreen_Generation = YES;
				INFOPLIST_KEY_UISupportedInterfaceOrientations_iPad = "UIInterfaceOrientationPortrait UIInterfaceOrientationPortraitUpsideDown UIInterfaceOrientationLandscapeLeft UIInterfaceOrientationLandscapeRight";
				INFOPLIST_KEY_UISupportedInterfaceOrientations_iPhone = "UIInterfaceOrientationPortrait UIInterfaceOrientationLandscapeLeft UIInterfaceOrientationLandscapeRight";
				IPHONEOS_DEPLOYMENT_TARGET = 16.6;
				LD_RUNPATH_SEARCH_PATHS = (
					"$(inherited)",
					"@executable_path/Frameworks",
				);
				MARKETING_VERSION = 1.0;
				PRODUCT_BUNDLE_IDENTIFIER = edu.duke.yh342;
				PRODUCT_NAME = "$(TARGET_NAME)";
				SWIFT_EMIT_LOC_STRINGS = YES;
				SWIFT_VERSION = 5.0;
				TARGETED_DEVICE_FAMILY = "1,2";
			};
			name = Release;
		};
/* End XCBuildConfiguration section */

/* Begin XCConfigurationList section */
		C2F69C7F2AC627AB00AB47D6 /* Build configuration list for PBXProject "ListView" */ = {
			isa = XCConfigurationList;
			buildConfigurations = (
				C2F69C902AC627AD00AB47D6 /* Debug */,
				C2F69C912AC627AD00AB47D6 /* Release */,
			);
			defaultConfigurationIsVisible = 0;
			defaultConfigurationName = Release;
		};
		C2F69C922AC627AD00AB47D6 /* Build configuration list for PBXNativeTarget "Hugo" */ = {
			isa = XCConfigurationList;
			buildConfigurations = (
				C2F69C932AC627AD00AB47D6 /* Debug */,
				C2F69C942AC627AD00AB47D6 /* Release */,
			);
			defaultConfigurationIsVisible = 0;
			defaultConfigurationName = Release;
		};
/* End XCConfigurationList section */

/* Begin XCRemoteSwiftPackageReference section */
		C232D0632AD35FD600DB458F /* XCRemoteSwiftPackageReference "LocationPickerForSwiftUI" */ = {
			isa = XCRemoteSwiftPackageReference;
			repositoryURL = "https://github.com/alessiorubicini/LocationPickerForSwiftUI";
			requirement = {
				kind = upToNextMajorVersion;
				minimumVersion = 1.1.1;
			};
		};
		C26FA6462ACA0136001FAE5A /* XCRemoteSwiftPackageReference "BackgroundRemoval" */ = {
			isa = XCRemoteSwiftPackageReference;
			repositoryURL = "https://github.com/Ezaldeen99/BackgroundRemoval.git";
			requirement = {
				branch = main;
				kind = branch;
			};
		};
/* End XCRemoteSwiftPackageReference section */

/* Begin XCSwiftPackageProductDependency section */
		C232D0642AD35FD600DB458F /* LocationPicker */ = {
			isa = XCSwiftPackageProductDependency;
			package = C232D0632AD35FD600DB458F /* XCRemoteSwiftPackageReference "LocationPickerForSwiftUI" */;
			productName = LocationPicker;
		};
		C26FA6472ACA0136001FAE5A /* BackgroundRemoval */ = {
			isa = XCSwiftPackageProductDependency;
			package = C26FA6462ACA0136001FAE5A /* XCRemoteSwiftPackageReference "BackgroundRemoval" */;
			productName = BackgroundRemoval;
		};
/* End XCSwiftPackageProductDependency section */
	};
	rootObject = C2F69C7C2AC627AB00AB47D6 /* Project object */;
}
