// !$*UTF8*$!
{
	archiveVersion = 1;
	classes = {
	};
	objectVersion = 56;
	objects = {

/* Begin PBXBuildFile section */
		C232D0652AD35FD600DB458F /* LocationPicker in Frameworks */ = {isa = PBXBuildFile; productRef = C232D0642AD35FD600DB458F /* LocationPicker */; };
		C232D0672AD36FCE00DB458F /* CircleText.swift in Sources */ = {isa = PBXBuildFile; fileRef = C232D0662AD36FCE00DB458F /* CircleText.swift */; };
		C232D0692AD3B62600DB458F /* RandomGradientView.swift in Sources */ = {isa = PBXBuildFile; fileRef = C232D0682AD3B62600DB458F /* RandomGradientView.swift */; };
		C232D06C2AD3C21800DB458F /* ImagePickerCoordinator.swift in Sources */ = {isa = PBXBuildFile; fileRef = C232D06B2AD3C21800DB458F /* ImagePickerCoordinator.swift */; };
		C232D06E2AD3C29F00DB458F /* ImageSourceType.swift in Sources */ = {isa = PBXBuildFile; fileRef = C232D06D2AD3C29F00DB458F /* ImageSourceType.swift */; };
		C24DB47B2AD1F89A00C0A22D /* AddEditView.swift in Sources */ = {isa = PBXBuildFile; fileRef = C24DB47A2AD1F89A00C0A22D /* AddEditView.swift */; };
		C24FE63E2ADE240600BEEC50 /* GroupView.swift in Sources */ = {isa = PBXBuildFile; fileRef = C24FE63D2ADE240600BEEC50 /* GroupView.swift */; };
		C24FE6402ADE276C00BEEC50 /* GroupViewRow.swift in Sources */ = {isa = PBXBuildFile; fileRef = C24FE63F2ADE276C00BEEC50 /* GroupViewRow.swift */; };
		C24FE6422ADE277900BEEC50 /* GroupViewItem.swift in Sources */ = {isa = PBXBuildFile; fileRef = C24FE6412ADE277900BEEC50 /* GroupViewItem.swift */; };
		C26FA6412AC91AE0001FAE5A /* Search.swift in Sources */ = {isa = PBXBuildFile; fileRef = C26FA6402AC91AE0001FAE5A /* Search.swift */; };
		C26FA6432AC92A6C001FAE5A /* ShadowedDivider.swift in Sources */ = {isa = PBXBuildFile; fileRef = C26FA6422AC92A6C001FAE5A /* ShadowedDivider.swift */; };
		C26FA6452AC9ECDE001FAE5A /* NoResult.swift in Sources */ = {isa = PBXBuildFile; fileRef = C26FA6442AC9ECDE001FAE5A /* NoResult.swift */; };
		C26FA6482ACA0136001FAE5A /* BackgroundRemoval in Frameworks */ = {isa = PBXBuildFile; productRef = C26FA6472ACA0136001FAE5A /* BackgroundRemoval */; };
		C26FA6502ACA2110001FAE5A /* DukeStatsView.swift in Sources */ = {isa = PBXBuildFile; fileRef = C26FA64F2ACA2110001FAE5A /* DukeStatsView.swift */; };
		C26FA6522ACA21CC001FAE5A /* DukeStatsViewModel.swift in Sources */ = {isa = PBXBuildFile; fileRef = C26FA6512ACA21CC001FAE5A /* DukeStatsViewModel.swift */; };
		C26FA66D2ACA5EFD001FAE5A /* README.md in Resources */ = {isa = PBXBuildFile; fileRef = C26FA66C2ACA5EFD001FAE5A /* README.md */; };
		C2CBE00D2AE0951A00902A51 /* DataStore.swift in Sources */ = {isa = PBXBuildFile; fileRef = C2CBE00C2AE0951A00902A51 /* DataStore.swift */; };
		C2CBE0102AE1B60100902A51 /* BlurText.swift in Sources */ = {isa = PBXBuildFile; fileRef = C2CBE00F2AE1B60100902A51 /* BlurText.swift */; };
		C2CBE0132AE1BC5A00902A51 /* Sports.swift in Sources */ = {isa = PBXBuildFile; fileRef = C2CBE0122AE1BC5A00902A51 /* Sports.swift */; };
		C2CBE0152AE1D50F00902A51 /* Languages.swift in Sources */ = {isa = PBXBuildFile; fileRef = C2CBE0142AE1D50F00902A51 /* Languages.swift */; };
		C2CBE0172AE1D94000902A51 /* Badge.swift in Sources */ = {isa = PBXBuildFile; fileRef = C2CBE0162AE1D94000902A51 /* Badge.swift */; };
		C2CBE0192AE1ED2100902A51 /* BadgeView.swift in Sources */ = {isa = PBXBuildFile; fileRef = C2CBE0182AE1ED2000902A51 /* BadgeView.swift */; };
		C2CBE01B2AE218BF00902A51 /* RouletteText.swift in Sources */ = {isa = PBXBuildFile; fileRef = C2CBE01A2AE218BF00902A51 /* RouletteText.swift */; };
		C2CBE01D2AE222FF00902A51 /* GetBadgeContext.swift in Sources */ = {isa = PBXBuildFile; fileRef = C2CBE01C2AE222FF00902A51 /* GetBadgeContext.swift */; };
		C2CBE0262AE22E8400902A51 /* hw6-2.png in Resources */ = {isa = PBXBuildFile; fileRef = C2CBE01E2AE22E8400902A51 /* hw6-2.png */; };
		C2CBE0272AE22E8400902A51 /* hw6-6.png in Resources */ = {isa = PBXBuildFile; fileRef = C2CBE01F2AE22E8400902A51 /* hw6-6.png */; };
		C2CBE0282AE22E8400902A51 /* hw6-5.png in Resources */ = {isa = PBXBuildFile; fileRef = C2CBE0202AE22E8400902A51 /* hw6-5.png */; };
		C2CBE0292AE22E8400902A51 /* hw6-3.png in Resources */ = {isa = PBXBuildFile; fileRef = C2CBE0212AE22E8400902A51 /* hw6-3.png */; };
		C2CBE02A2AE22E8400902A51 /* hw6-7.png in Resources */ = {isa = PBXBuildFile; fileRef = C2CBE0222AE22E8400902A51 /* hw6-7.png */; };
		C2CBE02B2AE22E8400902A51 /* hw6-1.png in Resources */ = {isa = PBXBuildFile; fileRef = C2CBE0232AE22E8400902A51 /* hw6-1.png */; };
		C2CBE02C2AE22E8400902A51 /* hw6-4.png in Resources */ = {isa = PBXBuildFile; fileRef = C2CBE0242AE22E8400902A51 /* hw6-4.png */; };
		C2CBE02D2AE22E8400902A51 /* hw6-8.png in Resources */ = {isa = PBXBuildFile; fileRef = C2CBE0252AE22E8400902A51 /* hw6-8.png */; };
		C2F69C882AC627AC00AB47D6 /* ListViewApp.swift in Sources */ = {isa = PBXBuildFile; fileRef = C2F69C872AC627AC00AB47D6 /* ListViewApp.swift */; };
		C2F69C8A2AC627AC00AB47D6 /* ContentView.swift in Sources */ = {isa = PBXBuildFile; fileRef = C2F69C892AC627AC00AB47D6 /* ContentView.swift */; };
		C2F69C8C2AC627AD00AB47D6 /* Assets.xcassets in Resources */ = {isa = PBXBuildFile; fileRef = C2F69C8B2AC627AD00AB47D6 /* Assets.xcassets */; };
		C2F69C8F2AC627AD00AB47D6 /* Preview Assets.xcassets in Resources */ = {isa = PBXBuildFile; fileRef = C2F69C8E2AC627AD00AB47D6 /* Preview Assets.xcassets */; };
		C2F69C982AC6346900AB47D6 /* DataModel.swift in Sources */ = {isa = PBXBuildFile; fileRef = C2F69C972AC6346900AB47D6 /* DataModel.swift */; };
		C2F69C9A2AC6348500AB47D6 /* DataStructures.swift in Sources */ = {isa = PBXBuildFile; fileRef = C2F69C992AC6348500AB47D6 /* DataStructures.swift */; };
		C2F69CA02AC6353100AB47D6 /* Strings.swift in Sources */ = {isa = PBXBuildFile; fileRef = C2F69C9F2AC6353100AB47D6 /* Strings.swift */; };
		C2F69CA32AC6354E00AB47D6 /* GetPath.swift in Sources */ = {isa = PBXBuildFile; fileRef = C2F69CA22AC6354E00AB47D6 /* GetPath.swift */; };
		C2F69CA52AC6358100AB47D6 /* GetImageBase64.swift in Sources */ = {isa = PBXBuildFile; fileRef = C2F69CA42AC6358100AB47D6 /* GetImageBase64.swift */; };
		C2F69CA92AC658EE00AB47D6 /* GradientView.swift in Sources */ = {isa = PBXBuildFile; fileRef = C2F69CA82AC658EE00AB47D6 /* GradientView.swift */; };
		C2F69CAD2AC6679A00AB47D6 /* DukePeopleListItem.swift in Sources */ = {isa = PBXBuildFile; fileRef = C2F69CAC2AC6679A00AB47D6 /* DukePeopleListItem.swift */; };
		C2F69CAF2AC6680100AB47D6 /* DukePeopleListDetails.swift in Sources */ = {isa = PBXBuildFile; fileRef = C2F69CAE2AC6680100AB47D6 /* DukePeopleListDetails.swift */; };
		C2F69CB32AC6686800AB47D6 /* DukePeopleList.swift in Sources */ = {isa = PBXBuildFile; fileRef = C2F69CB22AC6686800AB47D6 /* DukePeopleList.swift */; };
		C2F69CB52AC66F8B00AB47D6 /* CircleImage.swift in Sources */ = {isa = PBXBuildFile; fileRef = C2F69CB42AC66F8B00AB47D6 /* CircleImage.swift */; };
/* End PBXBuildFile section */

/* Begin PBXFileReference section */
		C232D0662AD36FCE00DB458F /* CircleText.swift */ = {isa = PBXFileReference; lastKnownFileType = sourcecode.swift; path = CircleText.swift; sourceTree = "<group>"; };
		C232D0682AD3B62600DB458F /* RandomGradientView.swift */ = {isa = PBXFileReference; lastKnownFileType = sourcecode.swift; path = RandomGradientView.swift; sourceTree = "<group>"; };
		C232D06B2AD3C21800DB458F /* ImagePickerCoordinator.swift */ = {isa = PBXFileReference; lastKnownFileType = sourcecode.swift; path = ImagePickerCoordinator.swift; sourceTree = "<group>"; };
		C232D06D2AD3C29F00DB458F /* ImageSourceType.swift */ = {isa = PBXFileReference; lastKnownFileType = sourcecode.swift; path = ImageSourceType.swift; sourceTree = "<group>"; };
		C24DB47A2AD1F89A00C0A22D /* AddEditView.swift */ = {isa = PBXFileReference; lastKnownFileType = sourcecode.swift; path = AddEditView.swift; sourceTree = "<group>"; };
		C24FE63D2ADE240600BEEC50 /* GroupView.swift */ = {isa = PBXFileReference; lastKnownFileType = sourcecode.swift; path = GroupView.swift; sourceTree = "<group>"; };
		C24FE63F2ADE276C00BEEC50 /* GroupViewRow.swift */ = {isa = PBXFileReference; lastKnownFileType = sourcecode.swift; path = GroupViewRow.swift; sourceTree = "<group>"; };
		C24FE6412ADE277900BEEC50 /* GroupViewItem.swift */ = {isa = PBXFileReference; lastKnownFileType = sourcecode.swift; path = GroupViewItem.swift; sourceTree = "<group>"; };
		C26FA63E2AC72C50001FAE5A /* Hugo-Info.plist */ = {isa = PBXFileReference; lastKnownFileType = text.plist; path = "Hugo-Info.plist"; sourceTree = "<group>"; };
		C26FA6402AC91AE0001FAE5A /* Search.swift */ = {isa = PBXFileReference; lastKnownFileType = sourcecode.swift; path = Search.swift; sourceTree = "<group>"; };
		C26FA6422AC92A6C001FAE5A /* ShadowedDivider.swift */ = {isa = PBXFileReference; lastKnownFileType = sourcecode.swift; path = ShadowedDivider.swift; sourceTree = "<group>"; };
		C26FA6442AC9ECDE001FAE5A /* NoResult.swift */ = {isa = PBXFileReference; lastKnownFileType = sourcecode.swift; path = NoResult.swift; sourceTree = "<group>"; };
		C26FA64F2ACA2110001FAE5A /* DukeStatsView.swift */ = {isa = PBXFileReference; lastKnownFileType = sourcecode.swift; path = DukeStatsView.swift; sourceTree = "<group>"; };
		C26FA6512ACA21CC001FAE5A /* DukeStatsViewModel.swift */ = {isa = PBXFileReference; lastKnownFileType = sourcecode.swift; path = DukeStatsViewModel.swift; sourceTree = "<group>"; };
		C26FA66C2ACA5EFD001FAE5A /* README.md */ = {isa = PBXFileReference; fileEncoding = 4; lastKnownFileType = net.daringfireball.markdown; path = README.md; sourceTree = "<group>"; };
		C2CBE00C2AE0951A00902A51 /* DataStore.swift */ = {isa = PBXFileReference; lastKnownFileType = sourcecode.swift; path = DataStore.swift; sourceTree = "<group>"; };
		C2CBE00F2AE1B60100902A51 /* BlurText.swift */ = {isa = PBXFileReference; lastKnownFileType = sourcecode.swift; path = BlurText.swift; sourceTree = "<group>"; };
		C2CBE0122AE1BC5A00902A51 /* Sports.swift */ = {isa = PBXFileReference; lastKnownFileType = sourcecode.swift; path = Sports.swift; sourceTree = "<group>"; };
		C2CBE0142AE1D50F00902A51 /* Languages.swift */ = {isa = PBXFileReference; lastKnownFileType = sourcecode.swift; path = Languages.swift; sourceTree = "<group>"; };
		C2CBE0162AE1D94000902A51 /* Badge.swift */ = {isa = PBXFileReference; lastKnownFileType = sourcecode.swift; path = Badge.swift; sourceTree = "<group>"; };
		C2CBE0182AE1ED2000902A51 /* BadgeView.swift */ = {isa = PBXFileReference; lastKnownFileType = sourcecode.swift; path = BadgeView.swift; sourceTree = "<group>"; };
		C2CBE01A2AE218BF00902A51 /* RouletteText.swift */ = {isa = PBXFileReference; lastKnownFileType = sourcecode.swift; path = RouletteText.swift; sourceTree = "<group>"; };
		C2CBE01C2AE222FF00902A51 /* GetBadgeContext.swift */ = {isa = PBXFileReference; lastKnownFileType = sourcecode.swift; path = GetBadgeContext.swift; sourceTree = "<group>"; };
		C2CBE01E2AE22E8400902A51 /* hw6-2.png */ = {isa = PBXFileReference; lastKnownFileType = image.png; path = "hw6-2.png"; sourceTree = "<group>"; };
		C2CBE01F2AE22E8400902A51 /* hw6-6.png */ = {isa = PBXFileReference; lastKnownFileType = image.png; path = "hw6-6.png"; sourceTree = "<group>"; };
		C2CBE0202AE22E8400902A51 /* hw6-5.png */ = {isa = PBXFileReference; lastKnownFileType = image.png; path = "hw6-5.png"; sourceTree = "<group>"; };
		C2CBE0212AE22E8400902A51 /* hw6-3.png */ = {isa = PBXFileReference; lastKnownFileType = image.png; path = "hw6-3.png"; sourceTree = "<group>"; };
		C2CBE0222AE22E8400902A51 /* hw6-7.png */ = {isa = PBXFileReference; lastKnownFileType = image.png; path = "hw6-7.png"; sourceTree = "<group>"; };
		C2CBE0232AE22E8400902A51 /* hw6-1.png */ = {isa = PBXFileReference; lastKnownFileType = image.png; path = "hw6-1.png"; sourceTree = "<group>"; };
		C2CBE0242AE22E8400902A51 /* hw6-4.png */ = {isa = PBXFileReference; lastKnownFileType = image.png; path = "hw6-4.png"; sourceTree = "<group>"; };
		C2CBE0252AE22E8400902A51 /* hw6-8.png */ = {isa = PBXFileReference; lastKnownFileType = image.png; path = "hw6-8.png"; sourceTree = "<group>"; };
		C2F69C842AC627AC00AB47D6 /* Hugo.app */ = {isa = PBXFileReference; explicitFileType = wrapper.application; includeInIndex = 0; path = Hugo.app; sourceTree = BUILT_PRODUCTS_DIR; };
		C2F69C872AC627AC00AB47D6 /* ListViewApp.swift */ = {isa = PBXFileReference; lastKnownFileType = sourcecode.swift; path = ListViewApp.swift; sourceTree = "<group>"; };
		C2F69C892AC627AC00AB47D6 /* ContentView.swift */ = {isa = PBXFileReference; lastKnownFileType = sourcecode.swift; path = ContentView.swift; sourceTree = "<group>"; };
		C2F69C8B2AC627AD00AB47D6 /* Assets.xcassets */ = {isa = PBXFileReference; lastKnownFileType = folder.assetcatalog; path = Assets.xcassets; sourceTree = "<group>"; };
		C2F69C8E2AC627AD00AB47D6 /* Preview Assets.xcassets */ = {isa = PBXFileReference; lastKnownFileType = folder.assetcatalog; path = "Preview Assets.xcassets"; sourceTree = "<group>"; };
		C2F69C972AC6346900AB47D6 /* DataModel.swift */ = {isa = PBXFileReference; lastKnownFileType = sourcecode.swift; path = DataModel.swift; sourceTree = "<group>"; };
		C2F69C992AC6348500AB47D6 /* DataStructures.swift */ = {isa = PBXFileReference; lastKnownFileType = sourcecode.swift; path = DataStructures.swift; sourceTree = "<group>"; };
		C2F69C9F2AC6353100AB47D6 /* Strings.swift */ = {isa = PBXFileReference; lastKnownFileType = sourcecode.swift; path = Strings.swift; sourceTree = "<group>"; };
		C2F69CA22AC6354E00AB47D6 /* GetPath.swift */ = {isa = PBXFileReference; lastKnownFileType = sourcecode.swift; path = GetPath.swift; sourceTree = "<group>"; };
		C2F69CA42AC6358100AB47D6 /* GetImageBase64.swift */ = {isa = PBXFileReference; lastKnownFileType = sourcecode.swift; path = GetImageBase64.swift; sourceTree = "<group>"; };
		C2F69CA82AC658EE00AB47D6 /* GradientView.swift */ = {isa = PBXFileReference; lastKnownFileType = sourcecode.swift; path = GradientView.swift; sourceTree = "<group>"; };
		C2F69CAC2AC6679A00AB47D6 /* DukePeopleListItem.swift */ = {isa = PBXFileReference; lastKnownFileType = sourcecode.swift; path = DukePeopleListItem.swift; sourceTree = "<group>"; };
		C2F69CAE2AC6680100AB47D6 /* DukePeopleListDetails.swift */ = {isa = PBXFileReference; lastKnownFileType = sourcecode.swift; path = DukePeopleListDetails.swift; sourceTree = "<group>"; };
		C2F69CB22AC6686800AB47D6 /* DukePeopleList.swift */ = {isa = PBXFileReference; lastKnownFileType = sourcecode.swift; path = DukePeopleList.swift; sourceTree = "<group>"; };
		C2F69CB42AC66F8B00AB47D6 /* CircleImage.swift */ = {isa = PBXFileReference; lastKnownFileType = sourcecode.swift; path = CircleImage.swift; sourceTree = "<group>"; };
/* End PBXFileReference section */

/* Begin PBXFrameworksBuildPhase section */
		C2F69C812AC627AC00AB47D6 /* Frameworks */ = {
			isa = PBXFrameworksBuildPhase;
			buildActionMask = 2147483647;
			files = (
				C26FA6482ACA0136001FAE5A /* BackgroundRemoval in Frameworks */,
				C232D0652AD35FD600DB458F /* LocationPicker in Frameworks */,
			);
			runOnlyForDeploymentPostprocessing = 0;
		};
/* End PBXFrameworksBuildPhase section */

/* Begin PBXGroup section */
		C24DB4792AD1F88F00C0A22D /* AddEditView */ = {
			isa = PBXGroup;
			children = (
				C24DB47A2AD1F89A00C0A22D /* AddEditView.swift */,
			);
			path = AddEditView;
			sourceTree = "<group>";
		};
		C24FE63C2ADE23F800BEEC50 /* GroupView */ = {
			isa = PBXGroup;
			children = (
				C24FE63F2ADE276C00BEEC50 /* GroupViewRow.swift */,
				C24FE6412ADE277900BEEC50 /* GroupViewItem.swift */,
				C24FE63D2ADE240600BEEC50 /* GroupView.swift */,
			);
			path = GroupView;
			sourceTree = "<group>";
		};
		C26FA64E2ACA20FC001FAE5A /* StatsView */ = {
			isa = PBXGroup;
			children = (
				C26FA64F2ACA2110001FAE5A /* DukeStatsView.swift */,
			);
			path = StatsView;
			sourceTree = "<group>";
		};
		C26FA6532ACA5E58001FAE5A /* Assets */ = {
			isa = PBXGroup;
			children = (
				C2CBE0232AE22E8400902A51 /* hw6-1.png */,
				C2CBE01E2AE22E8400902A51 /* hw6-2.png */,
				C2CBE0212AE22E8400902A51 /* hw6-3.png */,
				C2CBE0242AE22E8400902A51 /* hw6-4.png */,
				C2CBE0202AE22E8400902A51 /* hw6-5.png */,
				C2CBE01F2AE22E8400902A51 /* hw6-6.png */,
				C2CBE0222AE22E8400902A51 /* hw6-7.png */,
				C2CBE0252AE22E8400902A51 /* hw6-8.png */,
			);
			path = Assets;
			sourceTree = "<group>";
		};
		C2CBE00E2AE1B5EF00902A51 /* Animation */ = {
			isa = PBXGroup;
			children = (
				C2CBE00F2AE1B60100902A51 /* BlurText.swift */,
				C2CBE01A2AE218BF00902A51 /* RouletteText.swift */,
			);
			path = Animation;
			sourceTree = "<group>";
		};
		C2CBE0112AE1BC3300902A51 /* Drawing */ = {
			isa = PBXGroup;
			children = (
				C2CBE0122AE1BC5A00902A51 /* Sports.swift */,
				C2CBE0142AE1D50F00902A51 /* Languages.swift */,
				C2CBE0162AE1D94000902A51 /* Badge.swift */,
				C2CBE0182AE1ED2000902A51 /* BadgeView.swift */,
			);
			path = Drawing;
			sourceTree = "<group>";
		};
		C2F69C7B2AC627AB00AB47D6 = {
			isa = PBXGroup;
			children = (
				C26FA66C2ACA5EFD001FAE5A /* README.md */,
				C26FA6532ACA5E58001FAE5A /* Assets */,
				C26FA63E2AC72C50001FAE5A /* Hugo-Info.plist */,
				C2F69C862AC627AC00AB47D6 /* ListView */,
				C2F69C852AC627AC00AB47D6 /* Products */,
			);
			sourceTree = "<group>";
		};
		C2F69C852AC627AC00AB47D6 /* Products */ = {
			isa = PBXGroup;
			children = (
				C2F69C842AC627AC00AB47D6 /* Hugo.app */,
			);
			name = Products;
			sourceTree = "<group>";
		};
		C2F69C862AC627AC00AB47D6 /* ListView */ = {
			isa = PBXGroup;
			children = (
				C2CBE0112AE1BC3300902A51 /* Drawing */,
				C2CBE00E2AE1B5EF00902A51 /* Animation */,
				C2F69CAA2AC6592B00AB47D6 /* View */,
				C2F69CA12AC6353E00AB47D6 /* Util */,
				C2F69C9E2AC6351D00AB47D6 /* Constants */,
				C2F69C952AC6341100AB47D6 /* Model */,
				C2F69C872AC627AC00AB47D6 /* ListViewApp.swift */,
				C2F69C8B2AC627AD00AB47D6 /* Assets.xcassets */,
				C2F69C8D2AC627AD00AB47D6 /* Preview Content */,
			);
			path = ListView;
			sourceTree = "<group>";
		};
		C2F69C8D2AC627AD00AB47D6 /* Preview Content */ = {
			isa = PBXGroup;
			children = (
				C2F69C8E2AC627AD00AB47D6 /* Preview Assets.xcassets */,
			);
			path = "Preview Content";
			sourceTree = "<group>";
		};
		C2F69C952AC6341100AB47D6 /* Model */ = {
			isa = PBXGroup;
			children = (
				C2F69C972AC6346900AB47D6 /* DataModel.swift */,
				C2F69C992AC6348500AB47D6 /* DataStructures.swift */,
				C26FA6512ACA21CC001FAE5A /* DukeStatsViewModel.swift */,
				C232D06D2AD3C29F00DB458F /* ImageSourceType.swift */,
			);
			path = Model;
			sourceTree = "<group>";
		};
		C2F69C9E2AC6351D00AB47D6 /* Constants */ = {
			isa = PBXGroup;
			children = (
				C2F69C9F2AC6353100AB47D6 /* Strings.swift */,
			);
			path = Constants;
			sourceTree = "<group>";
		};
		C2F69CA12AC6353E00AB47D6 /* Util */ = {
			isa = PBXGroup;
			children = (
				C2F69CA22AC6354E00AB47D6 /* GetPath.swift */,
				C232D06B2AD3C21800DB458F /* ImagePickerCoordinator.swift */,
				C26FA6422AC92A6C001FAE5A /* ShadowedDivider.swift */,
				C26FA6442AC9ECDE001FAE5A /* NoResult.swift */,
				C232D0662AD36FCE00DB458F /* CircleText.swift */,
				C232D0682AD3B62600DB458F /* RandomGradientView.swift */,
				C2F69CA42AC6358100AB47D6 /* GetImageBase64.swift */,
				C2F69CA82AC658EE00AB47D6 /* GradientView.swift */,
				C2F69CB42AC66F8B00AB47D6 /* CircleImage.swift */,
				C26FA6402AC91AE0001FAE5A /* Search.swift */,
				C2CBE00C2AE0951A00902A51 /* DataStore.swift */,
				C2CBE01C2AE222FF00902A51 /* GetBadgeContext.swift */,
			);
			path = Util;
			sourceTree = "<group>";
		};
		C2F69CAA2AC6592B00AB47D6 /* View */ = {
			isa = PBXGroup;
			children = (
				C24FE63C2ADE23F800BEEC50 /* GroupView */,
				C24DB4792AD1F88F00C0A22D /* AddEditView */,
				C26FA64E2ACA20FC001FAE5A /* StatsView */,
				C2F69CB02AC6684600AB47D6 /* ListView */,
				C2F69C892AC627AC00AB47D6 /* ContentView.swift */,
			);
			path = View;
			sourceTree = "<group>";
		};
		C2F69CB02AC6684600AB47D6 /* ListView */ = {
			isa = PBXGroup;
			children = (
				C2F69CAE2AC6680100AB47D6 /* DukePeopleListDetails.swift */,
				C2F69CAC2AC6679A00AB47D6 /* DukePeopleListItem.swift */,
				C2F69CB22AC6686800AB47D6 /* DukePeopleList.swift */,
			);
			path = ListView;
			sourceTree = "<group>";
		};
/* End PBXGroup section */

/* Begin PBXNativeTarget section */
		C2F69C832AC627AC00AB47D6 /* Hugo */ = {
			isa = PBXNativeTarget;
			buildConfigurationList = C2F69C922AC627AD00AB47D6 /* Build configuration list for PBXNativeTarget "Hugo" */;
			buildPhases = (
				C2F69C802AC627AC00AB47D6 /* Sources */,
				C2F69C812AC627AC00AB47D6 /* Frameworks */,
				C2F69C822AC627AC00AB47D6 /* Resources */,
			);
			buildRules = (
			);
			dependencies = (
			);
			name = Hugo;
			packageProductDependencies = (
				C26FA6472ACA0136001FAE5A /* BackgroundRemoval */,
				C232D0642AD35FD600DB458F /* LocationPicker */,
			);
			productName = ListView;
			productReference = C2F69C842AC627AC00AB47D6 /* Hugo.app */;
			productType = "com.apple.product-type.application";
		};
/* End PBXNativeTarget section */

/* Begin PBXProject section */
		C2F69C7C2AC627AB00AB47D6 /* Project object */ = {
			isa = PBXProject;
			attributes = {
				BuildIndependentTargetsInParallel = 1;
				LastSwiftUpdateCheck = 1500;
				LastUpgradeCheck = 1500;
				TargetAttributes = {
					C2F69C832AC627AC00AB47D6 = {
						CreatedOnToolsVersion = 15.0;
					};
				};
			};
			buildConfigurationList = C2F69C7F2AC627AB00AB47D6 /* Build configuration list for PBXProject "ListView" */;
			compatibilityVersion = "Xcode 14.0";
			developmentRegion = en;
			hasScannedForEncodings = 0;
			knownRegions = (
				en,
				Base,
			);
			mainGroup = C2F69C7B2AC627AB00AB47D6;
			packageReferences = (
				C26FA6462ACA0136001FAE5A /* XCRemoteSwiftPackageReference "BackgroundRemoval" */,
				C232D0632AD35FD600DB458F /* XCRemoteSwiftPackageReference "LocationPickerForSwiftUI" */,
			);
			productRefGroup = C2F69C852AC627AC00AB47D6 /* Products */;
			projectDirPath = "";
			projectRoot = "";
			targets = (
				C2F69C832AC627AC00AB47D6 /* Hugo */,
			);
		};
/* End PBXProject section */

/* Begin PBXResourcesBuildPhase section */
		C2F69C822AC627AC00AB47D6 /* Resources */ = {
			isa = PBXResourcesBuildPhase;
			buildActionMask = 2147483647;
			files = (
				C2CBE02C2AE22E8400902A51 /* hw6-4.png in Resources */,
				C2CBE0262AE22E8400902A51 /* hw6-2.png in Resources */,
				C2CBE02B2AE22E8400902A51 /* hw6-1.png in Resources */,
				C2CBE0292AE22E8400902A51 /* hw6-3.png in Resources */,
				C2CBE0282AE22E8400902A51 /* hw6-5.png in Resources */,
				C2CBE0272AE22E8400902A51 /* hw6-6.png in Resources */,
				C2F69C8F2AC627AD00AB47D6 /* Preview Assets.xcassets in Resources */,
				C2CBE02A2AE22E8400902A51 /* hw6-7.png in Resources */,
				C26FA66D2ACA5EFD001FAE5A /* README.md in Resources */,
				C2F69C8C2AC627AD00AB47D6 /* Assets.xcassets in Resources */,
				C2CBE02D2AE22E8400902A51 /* hw6-8.png in Resources */,
			);
			runOnlyForDeploymentPostprocessing = 0;
		};
/* End PBXResourcesBuildPhase section */

/* Begin PBXSourcesBuildPhase section */
		C2F69C802AC627AC00AB47D6 /* Sources */ = {
			isa = PBXSourcesBuildPhase;
			buildActionMask = 2147483647;
			files = (
				C2F69C8A2AC627AC00AB47D6 /* ContentView.swift in Sources */,
				C2CBE0172AE1D94000902A51 /* Badge.swift in Sources */,
				C232D0672AD36FCE00DB458F /* CircleText.swift in Sources */,
				C26FA6432AC92A6C001FAE5A /* ShadowedDivider.swift in Sources */,
				C2F69CB32AC6686800AB47D6 /* DukePeopleList.swift in Sources */,
				C2CBE0102AE1B60100902A51 /* BlurText.swift in Sources */,
				C2CBE01B2AE218BF00902A51 /* RouletteText.swift in Sources */,
				C2F69CB52AC66F8B00AB47D6 /* CircleImage.swift in Sources */,
				C2F69CA92AC658EE00AB47D6 /* GradientView.swift in Sources */,
				C2CBE01D2AE222FF00902A51 /* GetBadgeContext.swift in Sources */,
				C26FA6452AC9ECDE001FAE5A /* NoResult.swift in Sources */,
				C2CBE00D2AE0951A00902A51 /* DataStore.swift in Sources */,
				C232D06C2AD3C21800DB458F /* ImagePickerCoordinator.swift in Sources */,
				C2F69CA32AC6354E00AB47D6 /* GetPath.swift in Sources */,
				C232D0692AD3B62600DB458F /* RandomGradientView.swift in Sources */,
				C26FA6502ACA2110001FAE5A /* DukeStatsView.swift in Sources */,
				C2F69C9A2AC6348500AB47D6 /* DataStructures.swift in Sources */,
				C232D06E2AD3C29F00DB458F /* ImageSourceType.swift in Sources */,
				C2F69C882AC627AC00AB47D6 /* ListViewApp.swift in Sources */,
				C2CBE0192AE1ED2100902A51 /* BadgeView.swift in Sources */,
				C2F69CA02AC6353100AB47D6 /* Strings.swift in Sources */,
				C24FE63E2ADE240600BEEC50 /* GroupView.swift in Sources */,
				C2CBE0152AE1D50F00902A51 /* Languages.swift in Sources */,
				C2F69C982AC6346900AB47D6 /* DataModel.swift in Sources */,
				C2F69CAF2AC6680100AB47D6 /* DukePeopleListDetails.swift in Sources */,
				C2F69CA52AC6358100AB47D6 /* GetImageBase64.swift in Sources */,
				C26FA6522ACA21CC001FAE5A /* DukeStatsViewModel.swift in Sources */,
				C2F69CAD2AC6679A00AB47D6 /* DukePeopleListItem.swift in Sources */,
				C24FE6402ADE276C00BEEC50 /* GroupViewRow.swift in Sources */,
				C24DB47B2AD1F89A00C0A22D /* AddEditView.swift in Sources */,
				C2CBE0132AE1BC5A00902A51 /* Sports.swift in Sources */,
				C26FA6412AC91AE0001FAE5A /* Search.swift in Sources */,
				C24FE6422ADE277900BEEC50 /* GroupViewItem.swift in Sources */,
			);
			runOnlyForDeploymentPostprocessing = 0;
		};
/* End PBXSourcesBuildPhase section */

/* Begin XCBuildConfiguration section */
		C2F69C902AC627AD00AB47D6 /* Debug */ = {
			isa = XCBuildConfiguration;
			buildSettings = {
				ALWAYS_SEARCH_USER_PATHS = NO;
				ASSETCATALOG_COMPILER_GENERATE_SWIFT_ASSET_SYMBOL_EXTENSIONS = YES;
				CLANG_ANALYZER_NONNULL = YES;
				CLANG_ANALYZER_NUMBER_OBJECT_CONVERSION = YES_AGGRESSIVE;
				CLANG_CXX_LANGUAGE_STANDARD = "gnu++20";
				CLANG_ENABLE_MODULES = YES;
				CLANG_ENABLE_OBJC_ARC = YES;
				CLANG_ENABLE_OBJC_WEAK = YES;
				CLANG_WARN_BLOCK_CAPTURE_AUTORELEASING = YES;
				CLANG_WARN_BOOL_CONVERSION = YES;
				CLANG_WARN_COMMA = YES;
				CLANG_WARN_CONSTANT_CONVERSION = YES;
				CLANG_WARN_DEPRECATED_OBJC_IMPLEMENTATIONS = YES;
				CLANG_WARN_DIRECT_OBJC_ISA_USAGE = YES_ERROR;
				CLANG_WARN_DOCUMENTATION_COMMENTS = YES;
				CLANG_WARN_EMPTY_BODY = YES;
				CLANG_WARN_ENUM_CONVERSION = YES;
				CLANG_WARN_INFINITE_RECURSION = YES;
				CLANG_WARN_INT_CONVERSION = YES;
				CLANG_WARN_NON_LITERAL_NULL_CONVERSION = YES;
				CLANG_WARN_OBJC_IMPLICIT_RETAIN_SELF = YES;
				CLANG_WARN_OBJC_LITERAL_CONVERSION = YES;
				CLANG_WARN_OBJC_ROOT_CLASS = YES_ERROR;
				CLANG_WARN_QUOTED_INCLUDE_IN_FRAMEWORK_HEADER = YES;
				CLANG_WARN_RANGE_LOOP_ANALYSIS = YES;
				CLANG_WARN_STRICT_PROTOTYPES = YES;
				CLANG_WARN_SUSPICIOUS_MOVE = YES;
				CLANG_WARN_UNGUARDED_AVAILABILITY = YES_AGGRESSIVE;
				CLANG_WARN_UNREACHABLE_CODE = YES;
				CLANG_WARN__DUPLICATE_METHOD_MATCH = YES;
				COPY_PHASE_STRIP = NO;
				DEBUG_INFORMATION_FORMAT = dwarf;
				ENABLE_STRICT_OBJC_MSGSEND = YES;
				ENABLE_TESTABILITY = YES;
				ENABLE_USER_SCRIPT_SANDBOXING = YES;
				GCC_C_LANGUAGE_STANDARD = gnu17;
				GCC_DYNAMIC_NO_PIC = NO;
				GCC_NO_COMMON_BLOCKS = YES;
				GCC_OPTIMIZATION_LEVEL = 0;
				GCC_PREPROCESSOR_DEFINITIONS = (
					"DEBUG=1",
					"$(inherited)",
				);
				GCC_WARN_64_TO_32_BIT_CONVERSION = YES;
				GCC_WARN_ABOUT_RETURN_TYPE = YES_ERROR;
				GCC_WARN_UNDECLARED_SELECTOR = YES;
				GCC_WARN_UNINITIALIZED_AUTOS = YES_AGGRESSIVE;
				GCC_WARN_UNUSED_FUNCTION = YES;
				GCC_WARN_UNUSED_VARIABLE = YES;
				IPHONEOS_DEPLOYMENT_TARGET = 16.6;
				LOCALIZATION_PREFERS_STRING_CATALOGS = YES;
				MTL_ENABLE_DEBUG_INFO = INCLUDE_SOURCE;
				MTL_FAST_MATH = YES;
				ONLY_ACTIVE_ARCH = YES;
				SDKROOT = iphoneos;
				SWIFT_ACTIVE_COMPILATION_CONDITIONS = "DEBUG $(inherited)";
				SWIFT_OPTIMIZATION_LEVEL = "-Onone";
			};
			name = Debug;
		};
		C2F69C912AC627AD00AB47D6 /* Release */ = {
			isa = XCBuildConfiguration;
			buildSettings = {
				ALWAYS_SEARCH_USER_PATHS = NO;
				ASSETCATALOG_COMPILER_GENERATE_SWIFT_ASSET_SYMBOL_EXTENSIONS = YES;
				CLANG_ANALYZER_NONNULL = YES;
				CLANG_ANALYZER_NUMBER_OBJECT_CONVERSION = YES_AGGRESSIVE;
				CLANG_CXX_LANGUAGE_STANDARD = "gnu++20";
				CLANG_ENABLE_MODULES = YES;
				CLANG_ENABLE_OBJC_ARC = YES;
				CLANG_ENABLE_OBJC_WEAK = YES;
				CLANG_WARN_BLOCK_CAPTURE_AUTORELEASING = YES;
				CLANG_WARN_BOOL_CONVERSION = YES;
				CLANG_WARN_COMMA = YES;
				CLANG_WARN_CONSTANT_CONVERSION = YES;
				CLANG_WARN_DEPRECATED_OBJC_IMPLEMENTATIONS = YES;
				CLANG_WARN_DIRECT_OBJC_ISA_USAGE = YES_ERROR;
				CLANG_WARN_DOCUMENTATION_COMMENTS = YES;
				CLANG_WARN_EMPTY_BODY = YES;
				CLANG_WARN_ENUM_CONVERSION = YES;
				CLANG_WARN_INFINITE_RECURSION = YES;
				CLANG_WARN_INT_CONVERSION = YES;
				CLANG_WARN_NON_LITERAL_NULL_CONVERSION = YES;
				CLANG_WARN_OBJC_IMPLICIT_RETAIN_SELF = YES;
				CLANG_WARN_OBJC_LITERAL_CONVERSION = YES;
				CLANG_WARN_OBJC_ROOT_CLASS = YES_ERROR;
				CLANG_WARN_QUOTED_INCLUDE_IN_FRAMEWORK_HEADER = YES;
				CLANG_WARN_RANGE_LOOP_ANALYSIS = YES;
				CLANG_WARN_STRICT_PROTOTYPES = YES;
				CLANG_WARN_SUSPICIOUS_MOVE = YES;
				CLANG_WARN_UNGUARDED_AVAILABILITY = YES_AGGRESSIVE;
				CLANG_WARN_UNREACHABLE_CODE = YES;
				CLANG_WARN__DUPLICATE_METHOD_MATCH = YES;
				COPY_PHASE_STRIP = NO;
				DEBUG_INFORMATION_FORMAT = "dwarf-with-dsym";
				ENABLE_NS_ASSERTIONS = NO;
				ENABLE_STRICT_OBJC_MSGSEND = YES;
				ENABLE_USER_SCRIPT_SANDBOXING = YES;
				GCC_C_LANGUAGE_STANDARD = gnu17;
				GCC_NO_COMMON_BLOCKS = YES;
				GCC_WARN_64_TO_32_BIT_CONVERSION = YES;
				GCC_WARN_ABOUT_RETURN_TYPE = YES_ERROR;
				GCC_WARN_UNDECLARED_SELECTOR = YES;
				GCC_WARN_UNINITIALIZED_AUTOS = YES_AGGRESSIVE;
				GCC_WARN_UNUSED_FUNCTION = YES;
				GCC_WARN_UNUSED_VARIABLE = YES;
				IPHONEOS_DEPLOYMENT_TARGET = 16.6;
				LOCALIZATION_PREFERS_STRING_CATALOGS = YES;
				MTL_ENABLE_DEBUG_INFO = NO;
				MTL_FAST_MATH = YES;
				SDKROOT = iphoneos;
				SWIFT_COMPILATION_MODE = wholemodule;
				VALIDATE_PRODUCT = YES;
			};
			name = Release;
		};
		C2F69C932AC627AD00AB47D6 /* Debug */ = {
			isa = XCBuildConfiguration;
			buildSettings = {
				ASSETCATALOG_COMPILER_APPICON_NAME = AppIcon;
				ASSETCATALOG_COMPILER_GLOBAL_ACCENT_COLOR_NAME = AccentColor;
				CODE_SIGN_STYLE = Automatic;
				CURRENT_PROJECT_VERSION = 1;
				DEVELOPMENT_ASSET_PATHS = "\"ListView/Preview Content\"";
				DEVELOPMENT_TEAM = 8A82Z8N5J2;
				ENABLE_PREVIEWS = YES;
				GENERATE_INFOPLIST_FILE = YES;
				INFOPLIST_FILE = "Hugo-Info.plist";
				INFOPLIST_KEY_CFBundleDisplayName = Hugo;
				INFOPLIST_KEY_LSApplicationCategoryType = "public.app-category.education";
				INFOPLIST_KEY_UIApplicationSceneManifest_Generation = YES;
				INFOPLIST_KEY_UIApplicationSupportsIndirectInputEvents = YES;
				INFOPLIST_KEY_UILaunchScreen_Generation = YES;
				INFOPLIST_KEY_UISupportedInterfaceOrientations_iPad = "UIInterfaceOrientationPortrait UIInterfaceOrientationPortraitUpsideDown UIInterfaceOrientationLandscapeLeft UIInterfaceOrientationLandscapeRight";
				INFOPLIST_KEY_UISupportedInterfaceOrientations_iPhone = "UIInterfaceOrientationPortrait UIInterfaceOrientationLandscapeLeft UIInterfaceOrientationLandscapeRight";
				IPHONEOS_DEPLOYMENT_TARGET = 17.0;
				LD_RUNPATH_SEARCH_PATHS = (
					"$(inherited)",
					"@executable_path/Frameworks",
				);
				MARKETING_VERSION = 1.0;
				PRODUCT_BUNDLE_IDENTIFIER = edu.duke.yh342;
				PRODUCT_NAME = "$(TARGET_NAME)";
				SWIFT_EMIT_LOC_STRINGS = YES;
				SWIFT_VERSION = 5.0;
				TARGETED_DEVICE_FAMILY = "1,2";
			};
			name = Debug;
		};
		C2F69C942AC627AD00AB47D6 /* Release */ = {
			isa = XCBuildConfiguration;
			buildSettings = {
				ASSETCATALOG_COMPILER_APPICON_NAME = AppIcon;
				ASSETCATALOG_COMPILER_GLOBAL_ACCENT_COLOR_NAME = AccentColor;
				CODE_SIGN_STYLE = Automatic;
				CURRENT_PROJECT_VERSION = 1;
				DEVELOPMENT_ASSET_PATHS = "\"ListView/Preview Content\"";
				DEVELOPMENT_TEAM = 8A82Z8N5J2;
				ENABLE_PREVIEWS = YES;
				GENERATE_INFOPLIST_FILE = YES;
				INFOPLIST_FILE = "Hugo-Info.plist";
				INFOPLIST_KEY_CFBundleDisplayName = Hugo;
				INFOPLIST_KEY_LSApplicationCategoryType = "public.app-category.education";
				INFOPLIST_KEY_UIApplicationSceneManifest_Generation = YES;
				INFOPLIST_KEY_UIApplicationSupportsIndirectInputEvents = YES;
				INFOPLIST_KEY_UILaunchScreen_Generation = YES;
				INFOPLIST_KEY_UISupportedInterfaceOrientations_iPad = "UIInterfaceOrientationPortrait UIInterfaceOrientationPortraitUpsideDown UIInterfaceOrientationLandscapeLeft UIInterfaceOrientationLandscapeRight";
				INFOPLIST_KEY_UISupportedInterfaceOrientations_iPhone = "UIInterfaceOrientationPortrait UIInterfaceOrientationLandscapeLeft UIInterfaceOrientationLandscapeRight";
				IPHONEOS_DEPLOYMENT_TARGET = 17.0;
				LD_RUNPATH_SEARCH_PATHS = (
					"$(inherited)",
					"@executable_path/Frameworks",
				);
				MARKETING_VERSION = 1.0;
				PRODUCT_BUNDLE_IDENTIFIER = edu.duke.yh342;
				PRODUCT_NAME = "$(TARGET_NAME)";
				SWIFT_EMIT_LOC_STRINGS = YES;
				SWIFT_VERSION = 5.0;
				TARGETED_DEVICE_FAMILY = "1,2";
			};
			name = Release;
		};
/* End XCBuildConfiguration section */

/* Begin XCConfigurationList section */
		C2F69C7F2AC627AB00AB47D6 /* Build configuration list for PBXProject "ListView" */ = {
			isa = XCConfigurationList;
			buildConfigurations = (
				C2F69C902AC627AD00AB47D6 /* Debug */,
				C2F69C912AC627AD00AB47D6 /* Release */,
			);
			defaultConfigurationIsVisible = 0;
			defaultConfigurationName = Release;
		};
		C2F69C922AC627AD00AB47D6 /* Build configuration list for PBXNativeTarget "Hugo" */ = {
			isa = XCConfigurationList;
			buildConfigurations = (
				C2F69C932AC627AD00AB47D6 /* Debug */,
				C2F69C942AC627AD00AB47D6 /* Release */,
			);
			defaultConfigurationIsVisible = 0;
			defaultConfigurationName = Release;
		};
/* End XCConfigurationList section */

/* Begin XCRemoteSwiftPackageReference section */
		C232D0632AD35FD600DB458F /* XCRemoteSwiftPackageReference "LocationPickerForSwiftUI" */ = {
			isa = XCRemoteSwiftPackageReference;
			repositoryURL = "https://github.com/alessiorubicini/LocationPickerForSwiftUI";
			requirement = {
				kind = upToNextMajorVersion;
				minimumVersion = 1.1.1;
			};
		};
		C26FA6462ACA0136001FAE5A /* XCRemoteSwiftPackageReference "BackgroundRemoval" */ = {
			isa = XCRemoteSwiftPackageReference;
			repositoryURL = "https://github.com/Ezaldeen99/BackgroundRemoval.git";
			requirement = {
				branch = main;
				kind = branch;
			};
		};
/* End XCRemoteSwiftPackageReference section */

/* Begin XCSwiftPackageProductDependency section */
		C232D0642AD35FD600DB458F /* LocationPicker */ = {
			isa = XCSwiftPackageProductDependency;
			package = C232D0632AD35FD600DB458F /* XCRemoteSwiftPackageReference "LocationPickerForSwiftUI" */;
			productName = LocationPicker;
		};
		C26FA6472ACA0136001FAE5A /* BackgroundRemoval */ = {
			isa = XCSwiftPackageProductDependency;
			package = C26FA6462ACA0136001FAE5A /* XCRemoteSwiftPackageReference "BackgroundRemoval" */;
			productName = BackgroundRemoval;
		};
/* End XCSwiftPackageProductDependency section */
	};
	rootObject = C2F69C7C2AC627AB00AB47D6 /* Project object */;
}
